{
  "version": 4,
  "terraform_version": "1.15.7",
  "serial": 94,
  "lineage": "6771966d-1cd9-091c-60dd-acc40ef5a878",
  "outputs": {
    "alb_dns_name": {
      "value": "hardwarestore-alb-1860377822.us-east-1.elb.amazonaws.com",
      "type": "string"
    },
    "cloudtrail_bucket": {
      "value": "hardwarestore-cloudtrail-7d64966f",
      "type": "string"
    },
    "log_group_name": {
      "value": "hardwarestore-app",
      "type": "string"
    },
    "rds_endpoint": {
      "value": "hardwarestore-rds.c2fakumes2zv.us-east-1.rds.amazonaws.com",
      "type": "string"
    },
    "secret_name": {
      "value": "hardwarestore/db",
      "type": "string"
    },
    "waf_acl_arn": {
      "value": "arn:aws:wafv2:us-east-1:544994275596:regional/webacl/hardwarestore-waf/0f906856-b4ad-41fc-a1b4-27477421a494",
      "type": "string"
    }
  },
  "resources": [
    {
      "mode": "data",
      "type": "aws_caller_identity",
      "name": "current",
      "provider": "provider[\"registry.terraform.io/hashicorp/aws\"]",
      "instances": [
        {
          "schema_version": 0,
          "attributes": {
            "account_id": "544994275596",
            "arn": "arn:aws:iam::544994275596:user/claude-code-user",
            "id": "544994275596",
            "user_id": "AIDAX5ZBQWEGNIIUFJV6C"
          },
          "sensitive_attributes": [],
          "identity_schema_version": 0
        }
      ]
    },
    {
      "mode": "managed",
      "type": "aws_cloudwatch_metric_alarm",
      "name": "alb_5xx",
      "provider": "provider[\"registry.terraform.io/hashicorp/aws\"]",
      "instances": [
        {
          "schema_version": 1,
          "attributes": {
            "actions_enabled": true,
            "alarm_actions": [
              "arn:aws:sns:us-east-1:544994275596:hardwarestore-alerts"
            ],
            "alarm_description": "ALB HTTP 5xx errors exceeded 10 - potential app failure or attack",
            "alarm_name": "hardwarestore-alb-5xx-high",
            "arn": "arn:aws:cloudwatch:us-east-1:544994275596:alarm:hardwarestore-alb-5xx-high",
            "comparison_operator": "GreaterThanThreshold",
            "datapoints_to_alarm": 0,
            "dimensions": {
              "LoadBalancer": "app/hardwarestore-alb/80ccd779633abf85"
            },
            "evaluate_low_sample_count_percentiles": "",
            "evaluation_periods": 1,
            "extended_statistic": "",
            "id": "hardwarestore-alb-5xx-high",
            "insufficient_data_actions": null,
            "metric_name": "HTTPCode_ELB_5XX_Count",
            "metric_query": [],
            "namespace": "AWS/ApplicationELB",
            "ok_actions": null,
            "period": 300,
            "statistic": "Sum",
            "tags": {
              "Name": "hardwarestore-alarm-alb-5xx"
            },
            "tags_all": {
              "Environment": "production",
              "ManagedBy": "Terraform",
              "Name": "hardwarestore-alarm-alb-5xx",
              "Project": "hardwarestore"
            },
            "threshold": 10,
            "threshold_metric_id": "",
            "treat_missing_data": "notBreaching",
            "unit": ""
          },
          "sensitive_attributes": [],
          "identity_schema_version": 0,
          "private": "eyJzY2hlbWFfdmVyc2lvbiI6IjEifQ==",
          "dependencies": [
            "aws_secretsmanager_secret.app",
            "data.aws_caller_identity.current",
            "module.compute.aws_autoscaling_group.app",
            "module.compute.aws_launch_template.app",
            "module.compute.aws_lb.main",
            "module.compute.aws_lb_listener.http",
            "module.compute.aws_lb_target_group.app",
            "module.compute.aws_wafv2_web_acl.main",
            "module.compute.aws_wafv2_web_acl_association.main",
            "module.compute.data.aws_ami.al2023",
            "module.compute.data.aws_subnet.app_first",
            "module.database.aws_db_instance.main",
            "module.database.aws_db_subnet_group.main",
            "module.database.aws_kms_alias.rds",
            "module.database.aws_kms_key.rds",
            "module.database.data.aws_caller_identity.current",
            "module.iam.aws_iam_instance_profile.app",
            "module.iam.aws_iam_role.app",
            "module.iam.aws_iam_role_policy.cloudwatch_logs",
            "module.iam.aws_iam_role_policy.secrets_read",
            "module.iam.aws_iam_role_policy_attachment.ssm",
            "module.iam.data.aws_iam_policy_document.ec2_assume_role",
            "module.monitoring.aws_cloudwatch_log_group.app",
            "module.monitoring.aws_cloudwatch_metric_alarm.rds_cpu_high",
            "module.monitoring.aws_sns_topic.alerts",
            "module.security.aws_security_group.alb",
            "module.security.aws_security_group.app",
            "module.security.aws_security_group.db",
            "module.storage.aws_cloudtrail.main",
            "module.storage.aws_s3_bucket.alb_logs",
            "module.storage.aws_s3_bucket.cloudtrail",
            "module.storage.aws_s3_bucket_lifecycle_configuration.alb_logs",
            "module.storage.aws_s3_bucket_policy.alb_logs",
            "module.storage.aws_s3_bucket_policy.cloudtrail",
            "module.storage.aws_s3_bucket_public_access_block.alb_logs",
            "module.storage.aws_s3_bucket_public_access_block.cloudtrail",
            "module.storage.aws_s3_bucket_server_side_encryption_configuration.alb_logs",
            "module.storage.aws_s3_bucket_server_side_encryption_configuration.cloudtrail",
            "module.storage.aws_s3_bucket_versioning.alb_logs",
            "module.storage.aws_s3_bucket_versioning.cloudtrail",
            "module.storage.data.aws_elb_service_account.main",
            "module.storage.random_id.bucket_suffix",
            "module.vpc.aws_subnet.app",
            "module.vpc.aws_subnet.db",
            "module.vpc.aws_subnet.public",
            "module.vpc.aws_vpc.main"
          ]
        }
      ]
    },
    {
      "mode": "managed",
      "type": "aws_secretsmanager_secret",
      "name": "app",
      "provider": "provider[\"registry.terraform.io/hashicorp/aws\"]",
      "instances": [
        {
          "schema_version": 0,
          "attributes": {
            "arn": "arn:aws:secretsmanager:us-east-1:544994275596:secret:hardwarestore/db-wpCWNc",
            "description": "Database credentials and Flask secret for Hardware Store app",
            "force_overwrite_replica_secret": false,
            "id": "arn:aws:secretsmanager:us-east-1:544994275596:secret:hardwarestore/db-wpCWNc",
            "kms_key_id": "",
            "name": "hardwarestore/db",
            "name_prefix": "",
            "policy": "",
            "recovery_window_in_days": 30,
            "replica": [],
            "tags": {
              "Name": "hardwarestore-secret"
            },
            "tags_all": {
              "Environment": "production",
              "ManagedBy": "Terraform",
              "Name": "hardwarestore-secret",
              "Project": "hardwarestore"
            }
          },
          "sensitive_attributes": [],
          "identity_schema_version": 0,
          "private": "bnVsbA==",
          "create_before_destroy": true
        }
      ]
    },
    {
      "mode": "managed",
      "type": "aws_secretsmanager_secret_version",
      "name": "app",
      "provider": "provider[\"registry.terraform.io/hashicorp/aws\"]",
      "instances": [
        {
          "schema_version": 0,
          "attributes": {
            "arn": "arn:aws:secretsmanager:us-east-1:544994275596:secret:hardwarestore/db-wpCWNc",
            "has_secret_string_wo": null,
            "id": "arn:aws:secretsmanager:us-east-1:544994275596:secret:hardwarestore/db-wpCWNc|terraform-20260703134552053300000001",
            "secret_binary": "",
            "secret_id": "arn:aws:secretsmanager:us-east-1:544994275596:secret:hardwarestore/db-wpCWNc",
            "secret_string": "{\"dbname\":\"hardwarestore\",\"flask_secret\":\":I!gH}[3C_B)qSvx[SFEWQCzQ+zZ)J+t\",\"host\":\"hardwarestore-rds.c2fakumes2zv.us-east-1.rds.amazonaws.com\",\"password\":\"Hardware2024Secure\",\"port\":\"5432\",\"username\":\"appuser\"}",
            "secret_string_wo": null,
            "secret_string_wo_version": null,
            "version_id": "terraform-20260703134552053300000001",
            "version_stages": [
              "AWSCURRENT"
            ]
          },
          "sensitive_attributes": [
            [
              {
                "type": "get_attr",
                "value": "secret_binary"
              }
            ],
            [
              {
                "type": "get_attr",
                "value": "secret_string"
              }
            ],
            [
              {
                "type": "get_attr",
                "value": "secret_string_wo"
              }
            ]
          ],
          "identity_schema_version": 0,
          "private": "bnVsbA==",
          "dependencies": [
            "aws_secretsmanager_secret.app",
            "module.database.aws_db_instance.main",
            "module.database.aws_db_subnet_group.main",
            "module.database.aws_kms_alias.rds",
            "module.database.aws_kms_key.rds",
            "module.database.data.aws_caller_identity.current",
            "module.security.aws_security_group.db",
            "module.vpc.aws_subnet.db",
            "module.vpc.aws_vpc.main",
            "random_password.flask_secret"
          ]
        }
      ]
    },
    {
      "mode": "managed",
      "type": "random_password",
      "name": "flask_secret",
      "provider": "provider[\"registry.terraform.io/hashicorp/random\"]",
      "instances": [
        {
          "schema_version": 3,
          "attributes": {
            "bcrypt_hash": "$2a$10$1M5Bo11Qze89cvxGm06Mc.qIFWZjRlbMVQ8SxK7SuOB4/k8HkRdfy",
            "id": "none",
            "keepers": null,
            "length": 32,
            "lower": true,
            "min_lower": 0,
            "min_numeric": 0,
            "min_special": 0,
            "min_upper": 0,
            "number": true,
            "numeric": true,
            "override_special": null,
            "result": ":I!gH}[3C_B)qSvx[SFEWQCzQ+zZ)J+t",
            "special": true,
            "upper": true
          },
          "sensitive_attributes": [
            [
              {
                "type": "get_attr",
                "value": "bcrypt_hash"
              }
            ],
            [
              {
                "type": "get_attr",
                "value": "result"
              }
            ]
          ],
          "identity_schema_version": 0
        }
      ]
    },
    {
      "module": "module.compute",
      "mode": "data",
      "type": "aws_ami",
      "name": "al2023",
      "provider": "provider[\"registry.terraform.io/hashicorp/aws\"]",
      "instances": [
        {
          "schema_version": 0,
          "attributes": {
            "architecture": "x86_64",
            "arn": "arn:aws:ec2:us-east-1::image/ami-00b2eb779cc80e1f9",
            "block_device_mappings": [
              {
                "device_name": "/dev/xvda",
                "ebs": {
                  "delete_on_termination": "true",
                  "encrypted": "false",
                  "iops": "3000",
                  "snapshot_id": "snap-000c8fbf8cb5f8230",
                  "throughput": "125",
                  "volume_initialization_rate": "0",
                  "volume_size": "30",
                  "volume_type": "gp3"
                },
                "no_device": "",
                "virtual_name": ""
              }
            ],
            "boot_mode": "uefi-preferred",
            "creation_date": "2026-06-29T22:34:11.000Z",
            "deprecation_time": "2028-06-29T22:34:11.000Z",
            "description": "Amazon Linux AMI 2023.0.20260629 x86_64 ECS HVM EBS",
            "ena_support": true,
            "executable_users": null,
            "filter": [
              {
                "name": "name",
                "values": [
                  "al2023-ami-*-x86_64"
                ]
              },
              {
                "name": "state",
                "values": [
                  "available"
                ]
              }
            ],
            "hypervisor": "xen",
            "id": "ami-00b2eb779cc80e1f9",
            "image_id": "ami-00b2eb779cc80e1f9",
            "image_location": "amazon/al2023-ami-ecs-neuron-hvm-2023.0.20260629-kernel-6.1-x86_64",
            "image_owner_alias": "amazon",
            "image_type": "machine",
            "imds_support": "v2.0",
            "include_deprecated": false,
            "kernel_id": "",
            "last_launched_time": "",
            "most_recent": true,
            "name": "al2023-ami-ecs-neuron-hvm-2023.0.20260629-kernel-6.1-x86_64",
            "name_regex": null,
            "owner_id": "591542846629",
            "owners": [
              "amazon"
            ],
            "platform": "",
            "platform_details": "Linux/UNIX",
            "product_codes": [],
            "public": true,
            "ramdisk_id": "",
            "root_device_name": "/dev/xvda",
            "root_device_type": "ebs",
            "root_snapshot_id": "snap-000c8fbf8cb5f8230",
            "sriov_net_support": "simple",
            "state": "available",
            "state_reason": {
              "code": "UNSET",
              "message": "UNSET"
            },
            "tags": {},
            "timeouts": null,
            "tpm_support": "",
            "uefi_data": null,
            "usage_operation": "RunInstances",
            "virtualization_type": "hvm"
          },
          "sensitive_attributes": [],
          "identity_schema_version": 0
        }
      ]
    },
    {
      "module": "module.compute",
      "mode": "data",
      "type": "aws_subnet",
      "name": "app_first",
      "provider": "provider[\"registry.terraform.io/hashicorp/aws\"]",
      "instances": [
        {
          "schema_version": 0,
          "attributes": {
            "arn": "arn:aws:ec2:us-east-1:544994275596:subnet/subnet-0067b2774c354e9d8",
            "assign_ipv6_address_on_creation": false,
            "availability_zone": "us-east-1a",
            "availability_zone_id": "use1-az1",
            "available_ip_address_count": 251,
            "cidr_block": "10.0.3.0/24",
            "customer_owned_ipv4_pool": "",
            "default_for_az": false,
            "enable_dns64": false,
            "enable_lni_at_device_index": 0,
            "enable_resource_name_dns_a_record_on_launch": false,
            "enable_resource_name_dns_aaaa_record_on_launch": false,
            "filter": null,
            "id": "subnet-0067b2774c354e9d8",
            "ipv6_cidr_block": "",
            "ipv6_cidr_block_association_id": "",
            "ipv6_native": false,
            "map_customer_owned_ip_on_launch": false,
            "map_public_ip_on_launch": false,
            "outpost_arn": "",
            "owner_id": "544994275596",
            "private_dns_hostname_type_on_launch": "ip-name",
            "state": "available",
            "tags": {
              "Environment": "production",
              "ManagedBy": "Terraform",
              "Name": "hardwarestore-app-1",
              "Project": "hardwarestore"
            },
            "timeouts": null,
            "vpc_id": "vpc-0c7f0747caff49e38"
          },
          "sensitive_attributes": [],
          "identity_schema_version": 0
        }
      ]
    },
    {
      "module": "module.compute",
      "mode": "managed",
      "type": "aws_autoscaling_group",
      "name": "app",
      "provider": "provider[\"registry.terraform.io/hashicorp/aws\"]",
      "instances": [
        {
          "schema_version": 1,
          "attributes": {
            "arn": "arn:aws:autoscaling:us-east-1:544994275596:autoScalingGroup:76c76211-0581-4a4e-b356-a9f73a95eca5:autoScalingGroupName/hardwarestore-asg",
            "availability_zone_distribution": [
              {
                "capacity_distribution_strategy": "balanced-best-effort"
              }
            ],
            "availability_zones": [
              "us-east-1a",
              "us-east-1b"
            ],
            "capacity_rebalance": false,
            "capacity_reservation_specification": [
              {
                "capacity_reservation_preference": "default",
                "capacity_reservation_target": []
              }
            ],
            "context": "",
            "default_cooldown": 300,
            "default_instance_warmup": 0,
            "desired_capacity": 1,
            "desired_capacity_type": "",
            "enabled_metrics": null,
            "force_delete": false,
            "force_delete_warm_pool": false,
            "health_check_grace_period": 120,
            "health_check_type": "ELB",
            "id": "hardwarestore-asg",
            "ignore_failed_scaling_activities": false,
            "initial_lifecycle_hook": [],
            "instance_maintenance_policy": [],
            "instance_refresh": [],
            "launch_configuration": "",
            "launch_template": [
              {
                "id": "lt-0b3ce14d7b7ec16eb",
                "name": "hardwarestore-lt-20260703134610381000000004",
                "version": "$Latest"
              }
            ],
            "load_balancers": [],
            "max_instance_lifetime": 0,
            "max_size": 2,
            "metrics_granularity": "1Minute",
            "min_elb_capacity": null,
            "min_size": 1,
            "mixed_instances_policy": [],
            "name": "hardwarestore-asg",
            "name_prefix": "",
            "placement_group": "",
            "predicted_capacity": 0,
            "protect_from_scale_in": false,
            "service_linked_role_arn": "arn:aws:iam::544994275596:role/aws-service-role/autoscaling.amazonaws.com/AWSServiceRoleForAutoScaling",
            "suspended_processes": null,
            "tag": [
              {
                "key": "Name",
                "propagate_at_launch": true,
                "value": "hardwarestore-app-server"
              }
            ],
            "target_group_arns": [
              "arn:aws:elasticloadbalancing:us-east-1:544994275596:targetgroup/hardwarestore-tg/dc0f9f0c9254c06d"
            ],
            "termination_policies": null,
            "timeouts": null,
            "traffic_source": [
              {
                "identifier": "arn:aws:elasticloadbalancing:us-east-1:544994275596:targetgroup/hardwarestore-tg/dc0f9f0c9254c06d",
                "type": "elbv2"
              }
            ],
            "vpc_zone_identifier": [
              "subnet-0067b2774c354e9d8",
              "subnet-06a72acaaf0acf654"
            ],
            "wait_for_capacity_timeout": "10m",
            "wait_for_elb_capacity": null,
            "warm_pool": [],
            "warm_pool_size": 0
          },
          "sensitive_attributes": [],
          "identity_schema_version": 0,
          "private": "eyJlMmJmYjczMC1lY2FhLTExZTYtOGY4OC0zNDM2M2JjN2M0YzAiOnsiZGVsZXRlIjo2MDAwMDAwMDAwMDAsInVwZGF0ZSI6NjAwMDAwMDAwMDAwfSwic2NoZW1hX3ZlcnNpb24iOiIxIn0=",
          "dependencies": [
            "aws_secretsmanager_secret.app",
            "data.aws_caller_identity.current",
            "module.compute.aws_launch_template.app",
            "module.compute.aws_lb_target_group.app",
            "module.compute.data.aws_ami.al2023",
            "module.compute.data.aws_subnet.app_first",
            "module.database.aws_db_instance.main",
            "module.database.aws_db_subnet_group.main",
            "module.database.aws_kms_alias.rds",
            "module.database.aws_kms_key.rds",
            "module.database.data.aws_caller_identity.current",
            "module.iam.aws_iam_instance_profile.app",
            "module.iam.aws_iam_role.app",
            "module.iam.aws_iam_role_policy.cloudwatch_logs",
            "module.iam.aws_iam_role_policy.secrets_read",
            "module.iam.aws_iam_role_policy_attachment.ssm",
            "module.iam.data.aws_iam_policy_document.ec2_assume_role",
            "module.monitoring.aws_cloudwatch_log_group.app",
            "module.monitoring.aws_cloudwatch_metric_alarm.rds_cpu_high",
            "module.monitoring.aws_sns_topic.alerts",
            "module.security.aws_security_group.alb",
            "module.security.aws_security_group.app",
            "module.security.aws_security_group.db",
            "module.storage.aws_cloudtrail.main",
            "module.storage.aws_s3_bucket.alb_logs",
            "module.storage.aws_s3_bucket.cloudtrail",
            "module.storage.aws_s3_bucket_lifecycle_configuration.alb_logs",
            "module.storage.aws_s3_bucket_policy.alb_logs",
            "module.storage.aws_s3_bucket_policy.cloudtrail",
            "module.storage.aws_s3_bucket_public_access_block.alb_logs",
            "module.storage.aws_s3_bucket_public_access_block.cloudtrail",
            "module.storage.aws_s3_bucket_server_side_encryption_configuration.alb_logs",
            "module.storage.aws_s3_bucket_server_side_encryption_configuration.cloudtrail",
            "module.storage.aws_s3_bucket_versioning.alb_logs",
            "module.storage.aws_s3_bucket_versioning.cloudtrail",
            "module.storage.data.aws_elb_service_account.main",
            "module.storage.random_id.bucket_suffix",
            "module.vpc.aws_subnet.app",
            "module.vpc.aws_subnet.db",
            "module.vpc.aws_vpc.main"
          ],
          "create_before_destroy": true
        }
      ]
    },
    {
      "module": "module.compute",
      "mode": "managed",
      "type": "aws_launch_template",
      "name": "app",
      "provider": "provider[\"registry.terraform.io/hashicorp/aws\"]",
      "instances": [
        {
          "schema_version": 0,
          "attributes": {
            "arn": "arn:aws:ec2:us-east-1:544994275596:launch-template/lt-0b3ce14d7b7ec16eb",
            "block_device_mappings": [
              {
                "device_name": "/dev/xvda",
                "ebs": [
                  {
                    "delete_on_termination": "true",
                    "encrypted": "true",
                    "iops": 0,
                    "kms_key_id": "",
                    "snapshot_id": "",
                    "throughput": 0,
                    "volume_initialization_rate": 0,
                    "volume_size": 30,
                    "volume_type": "gp3"
                  }
                ],
                "no_device": "",
                "virtual_name": ""
              }
            ],
            "capacity_reservation_specification": [],
            "cpu_options": [],
            "credit_specification": [],
            "default_version": 1,
            "description": "Hardware Store Flask app - Amazon Linux 2023",
            "disable_api_stop": false,
            "disable_api_termination": false,
            "ebs_optimized": "",
            "elastic_gpu_specifications": [],
            "elastic_inference_accelerator": [],
            "enclave_options": [],
            "hibernation_options": [],
            "iam_instance_profile": [
              {
                "arn": "arn:aws:iam::544994275596:instance-profile/hardwarestore-ec2-profile",
                "name": ""
              }
            ],
            "id": "lt-0b3ce14d7b7ec16eb",
            "image_id": "ami-00b2eb779cc80e1f9",
            "instance_initiated_shutdown_behavior": "",
            "instance_market_options": [],
            "instance_requirements": [],
            "instance_type": "t3.micro",
            "kernel_id": "",
            "key_name": "",
            "latest_version": 3,
            "license_specification": [],
            "maintenance_options": [],
            "metadata_options": [],
            "monitoring": [],
            "name": "hardwarestore-lt-20260703134610381000000004",
            "name_prefix": "hardwarestore-lt-",
            "network_interfaces": [
              {
                "associate_carrier_ip_address": "",
                "associate_public_ip_address": "false",
                "connection_tracking_specification": [],
                "delete_on_termination": "",
                "description": "",
                "device_index": 0,
                "ena_srd_specification": [],
                "interface_type": "",
                "ipv4_address_count": 0,
                "ipv4_addresses": [],
                "ipv4_prefix_count": 0,
                "ipv4_prefixes": [],
                "ipv6_address_count": 0,
                "ipv6_addresses": [],
                "ipv6_prefix_count": 0,
                "ipv6_prefixes": [],
                "network_card_index": 0,
                "network_interface_id": "",
                "primary_ipv6": "",
                "private_ip_address": "",
                "security_groups": [
                  "sg-009d0d52702f45a10"
                ],
                "subnet_id": ""
              }
            ],
            "placement": [],
            "private_dns_name_options": [],
            "ram_disk_id": "",
            "security_group_names": [],
            "tag_specifications": [
              {
                "resource_type": "instance",
                "tags": {
                  "Environment": "production",
                  "ManagedBy": "Terraform",
                  "Name": "hardwarestore-app-server",
                  "Project": "hardwarestore"
                }
              }
            ],
            "tags": {},
            "tags_all": {
              "Environment": "production",
              "ManagedBy": "Terraform",
              "Project": "hardwarestore"
            },
            "update_default_version": null,
            "user_data": "IyEvYmluL2Jhc2gKIyA9PT09PT09PT09PT09PT09PT09PT09PT09PT09PT09PT09PT09PT09PT09PT09PT09PT09PT09PT09PT09PT09PT09PT09PT09PT09PQojIEVDMiBVc2VyIERhdGEgQm9vdHN0cmFwIFNjcmlwdAojIFJ1bnMgb25jZSBvbiBmaXJzdCBib290IHRvIGluc3RhbGwgYW5kIHN0YXJ0IHRoZSBIYXJkd2FyZSBTdG9yZSBGbGFzayBhcHAuCiMgVmFyaWFibGVzIGFyZSBpbmplY3RlZCBieSBUZXJyYWZvcm0ncyB0ZW1wbGF0ZWZpbGUoKSBmdW5jdGlvbi4KIyA9PT09PT09PT09PT09PT09PT09PT09PT09PT09PT09PT09PT09PT09PT09PT09PT09PT09PT09PT09PT09PT09PT09PT09PT09PT09PQoKc2V0IC1ldW8gcGlwZWZhaWwKZXhlYyA+IC92YXIvbG9nL3VzZXItZGF0YS5sb2cgMj4mMQplY2hvICI9PT0gQm9vdHN0cmFwIHN0YXJ0ZWQ6ICQoZGF0ZSkgPT09IgoKIyAtLS0gU3lzdGVtIHVwZGF0ZSBhbmQgZGVwZW5kZW5jeSBpbnN0YWxsIC0tLQpkbmYgdXBkYXRlIC15CmRuZiBpbnN0YWxsIC15IHB5dGhvbjMgcHl0aG9uMy1waXAgZ2l0CgojIC0tLSBDcmVhdGUgYXBwIHVzZXIgYW5kIGRpcmVjdG9yeSAoZG9uJ3QgcnVuIGFwcCBhcyByb290KSAtLS0KdXNlcmFkZCAtciAtcyAvc2Jpbi9ub2xvZ2luIGFwcHVzZXIgMj4vZGV2L251bGwgfHwgdHJ1ZQpta2RpciAtcCAvb3B0L2hhcmR3YXJlc3RvcmUKY2hvd24gYXBwdXNlcjphcHB1c2VyIC9vcHQvaGFyZHdhcmVzdG9yZQoKIyAtLS0gQ2xvbmUgYXBwIGZyb20gR2l0SHViIChyZXBsYWNlIHdpdGggeW91ciBhY3R1YWwgcmVwbyBVUkwgYWZ0ZXIgcHVzaGluZykgLS0tCiMgZ2l0IGNsb25lIGh0dHBzOi8vZ2l0aHViLmNvbS9ZT1VSX09SRy9oYXJkd2FyZXN0b3JlLWF3cy5naXQgL29wdC9oYXJkd2FyZXN0b3JlCiMgRm9yIG5vdywgaW5zdGFsbCBkZXBlbmRlbmNpZXMgb25seSAoYXBwIGZpbGVzIGRlcGxveWVkIHNlcGFyYXRlbHkgdmlhIENvZGVEZXBsb3kgb3IgUzMpCgojIC0tLSBJbnN0YWxsIFB5dGhvbiBkZXBlbmRlbmNpZXMgLS0tCnBpcDMgaW5zdGFsbCBmbGFzaz09My4xLjEgcHN5Y29wZzItYmluYXJ5PT0yLjkuMTAgYm90bzM9PTEuMzguMCBcCiAgICAgICAgICAgICBib3RvY29yZT09MS4zOC4wIHdhdGNodG93ZXI9PTMuMy4xIGd1bmljb3JuPT0yMy4wLjAKCiMgLS0tIFdyaXRlIGVudmlyb25tZW50IGZpbGUgKGNyZWRlbnRpYWxzIGZldGNoZWQgZnJvbSBTZWNyZXRzIE1hbmFnZXIgYXQgcnVudGltZSkgLS0tCmNhdCA+IC9ldGMvaGFyZHdhcmVzdG9yZS5lbnYgPDwgJ0VOVkZJTEUnClNFQ1JFVF9OQU1FPWhhcmR3YXJlc3RvcmUvZGIKQVdTX0RFRkFVTFRfUkVHSU9OPXVzLWVhc3QtMQpDV19MT0dfR1JPVVA9aGFyZHdhcmVzdG9yZS1hcHAKQ1dfTE9HX1NUUkVBTT1hcHAKRU5WRklMRQoKY2htb2QgNjAwIC9ldGMvaGFyZHdhcmVzdG9yZS5lbnYKY2hvd24gYXBwdXNlcjphcHB1c2VyIC9ldGMvaGFyZHdhcmVzdG9yZS5lbnYKCiMgLS0tIFdyaXRlIHN5c3RlbWQgc2VydmljZSB1bml0IC0tLQpjYXQgPiAvZXRjL3N5c3RlbWQvc3lzdGVtL2hhcmR3YXJlc3RvcmUuc2VydmljZSA8PCAnU0VSVklDRScKW1VuaXRdCkRlc2NyaXB0aW9uPUhhcmR3YXJlIFN0b3JlIEZsYXNrIEFwcGxpY2F0aW9uIChndW5pY29ybikKQWZ0ZXI9bmV0d29yay50YXJnZXQKCltTZXJ2aWNlXQpUeXBlPXNpbXBsZQpVc2VyPWFwcHVzZXIKV29ya2luZ0RpcmVjdG9yeT0vb3B0L2hhcmR3YXJlc3RvcmUKRW52aXJvbm1lbnRGaWxlPS9ldGMvaGFyZHdhcmVzdG9yZS5lbnYKRXhlY1N0YXJ0PS91c3IvbG9jYWwvYmluL2d1bmljb3JuIFwKICAgIC0td29ya2VycyAyIFwKICAgIC0tYmluZCAwLjAuMC4wOjUwMDAgXAogICAgLS1hY2Nlc3MtbG9nZmlsZSAvdmFyL2xvZy9oYXJkd2FyZXN0b3JlLWFjY2Vzcy5sb2cgXAogICAgLS1lcnJvci1sb2dmaWxlIC92YXIvbG9nL2hhcmR3YXJlc3RvcmUtZXJyb3IubG9nIFwKICAgIGFwcDphcHAKUmVzdGFydD1vbi1mYWlsdXJlClJlc3RhcnRTZWM9NXMKCltJbnN0YWxsXQpXYW50ZWRCeT1tdWx0aS11c2VyLnRhcmdldApTRVJWSUNFCgojIC0tLSBFbmFibGUgYW5kIHN0YXJ0IHNlcnZpY2UgLS0tCnN5c3RlbWN0bCBkYWVtb24tcmVsb2FkCnN5c3RlbWN0bCBlbmFibGUgaGFyZHdhcmVzdG9yZQojIFNlcnZpY2Ugd2lsbCBmdWxseSBzdGFydCBvbmNlIGFwcCBjb2RlIGlzIGRlcGxveWVkIHRvIC9vcHQvaGFyZHdhcmVzdG9yZQojIHN5c3RlbWN0bCBzdGFydCBoYXJkd2FyZXN0b3JlCgplY2hvICI9PT0gQm9vdHN0cmFwIGNvbXBsZXRlOiAkKGRhdGUpID09PSIK",
            "vpc_security_group_ids": []
          },
          "sensitive_attributes": [],
          "identity_schema_version": 0,
          "private": "bnVsbA==",
          "dependencies": [
            "aws_secretsmanager_secret.app",
            "data.aws_caller_identity.current",
            "module.compute.data.aws_ami.al2023",
            "module.database.aws_db_instance.main",
            "module.database.aws_db_subnet_group.main",
            "module.database.aws_kms_alias.rds",
            "module.database.aws_kms_key.rds",
            "module.database.data.aws_caller_identity.current",
            "module.iam.aws_iam_instance_profile.app",
            "module.iam.aws_iam_role.app",
            "module.iam.aws_iam_role_policy.cloudwatch_logs",
            "module.iam.aws_iam_role_policy.secrets_read",
            "module.iam.aws_iam_role_policy_attachment.ssm",
            "module.iam.data.aws_iam_policy_document.ec2_assume_role",
            "module.monitoring.aws_cloudwatch_log_group.app",
            "module.monitoring.aws_cloudwatch_metric_alarm.rds_cpu_high",
            "module.monitoring.aws_sns_topic.alerts",
            "module.security.aws_security_group.alb",
            "module.security.aws_security_group.app",
            "module.security.aws_security_group.db",
            "module.storage.aws_cloudtrail.main",
            "module.storage.aws_s3_bucket.alb_logs",
            "module.storage.aws_s3_bucket.cloudtrail",
            "module.storage.aws_s3_bucket_lifecycle_configuration.alb_logs",
            "module.storage.aws_s3_bucket_policy.alb_logs",
            "module.storage.aws_s3_bucket_policy.cloudtrail",
            "module.storage.aws_s3_bucket_public_access_block.alb_logs",
            "module.storage.aws_s3_bucket_public_access_block.cloudtrail",
            "module.storage.aws_s3_bucket_server_side_encryption_configuration.alb_logs",
            "module.storage.aws_s3_bucket_server_side_encryption_configuration.cloudtrail",
            "module.storage.aws_s3_bucket_versioning.alb_logs",
            "module.storage.aws_s3_bucket_versioning.cloudtrail",
            "module.storage.data.aws_elb_service_account.main",
            "module.storage.random_id.bucket_suffix",
            "module.vpc.aws_subnet.db",
            "module.vpc.aws_vpc.main"
          ],
          "create_before_destroy": true
        }
      ]
    },
    {
      "module": "module.compute",
      "mode": "managed",
      "type": "aws_lb",
      "name": "main",
      "provider": "provider[\"registry.terraform.io/hashicorp/aws\"]",
      "instances": [
        {
          "schema_version": 0,
          "attributes": {
            "access_logs": [
              {
                "bucket": "hardwarestore-alb-logs-7d64966f",
                "enabled": true,
                "prefix": "alb-logs"
              }
            ],
            "arn": "arn:aws:elasticloadbalancing:us-east-1:544994275596:loadbalancer/app/hardwarestore-alb/80ccd779633abf85",
            "arn_suffix": "app/hardwarestore-alb/80ccd779633abf85",
            "client_keep_alive": 3600,
            "connection_logs": [
              {
                "bucket": "",
                "enabled": false,
                "prefix": ""
              }
            ],
            "customer_owned_ipv4_pool": "",
            "desync_mitigation_mode": "defensive",
            "dns_name": "hardwarestore-alb-1860377822.us-east-1.elb.amazonaws.com",
            "dns_record_client_routing_policy": null,
            "drop_invalid_header_fields": false,
            "enable_cross_zone_load_balancing": true,
            "enable_deletion_protection": false,
            "enable_http2": true,
            "enable_tls_version_and_cipher_suite_headers": false,
            "enable_waf_fail_open": false,
            "enable_xff_client_port": false,
            "enable_zonal_shift": false,
            "enforce_security_group_inbound_rules_on_private_link_traffic": "",
            "id": "arn:aws:elasticloadbalancing:us-east-1:544994275596:loadbalancer/app/hardwarestore-alb/80ccd779633abf85",
            "idle_timeout": 60,
            "internal": false,
            "ip_address_type": "ipv4",
            "ipam_pools": [],
            "load_balancer_type": "application",
            "minimum_load_balancer_capacity": [],
            "name": "hardwarestore-alb",
            "name_prefix": "",
            "preserve_host_header": false,
            "security_groups": [
              "sg-06f7534abc14ddd6a"
            ],
            "subnet_mapping": [
              {
                "allocation_id": "",
                "ipv6_address": "",
                "outpost_id": "",
                "private_ipv4_address": "",
                "subnet_id": "subnet-06ba766ed5c3d845e"
              },
              {
                "allocation_id": "",
                "ipv6_address": "",
                "outpost_id": "",
                "private_ipv4_address": "",
                "subnet_id": "subnet-0ba5b88356dab2c0c"
              }
            ],
            "subnets": [
              "subnet-06ba766ed5c3d845e",
              "subnet-0ba5b88356dab2c0c"
            ],
            "tags": {
              "Name": "hardwarestore-alb"
            },
            "tags_all": {
              "Environment": "production",
              "ManagedBy": "Terraform",
              "Name": "hardwarestore-alb",
              "Project": "hardwarestore"
            },
            "timeouts": null,
            "vpc_id": "vpc-0c7f0747caff49e38",
            "xff_header_processing_mode": "append",
            "zone_id": "Z35SXDOTRQ7X7K"
          },
          "sensitive_attributes": [],
          "identity_schema_version": 0,
          "private": "eyJlMmJmYjczMC1lY2FhLTExZTYtOGY4OC0zNDM2M2JjN2M0YzAiOnsiY3JlYXRlIjo2MDAwMDAwMDAwMDAsImRlbGV0ZSI6NjAwMDAwMDAwMDAwLCJ1cGRhdGUiOjYwMDAwMDAwMDAwMH19",
          "dependencies": [
            "aws_secretsmanager_secret.app",
            "data.aws_caller_identity.current",
            "module.database.aws_db_instance.main",
            "module.database.aws_db_subnet_group.main",
            "module.database.aws_kms_alias.rds",
            "module.database.aws_kms_key.rds",
            "module.database.data.aws_caller_identity.current",
            "module.iam.aws_iam_instance_profile.app",
            "module.iam.aws_iam_role.app",
            "module.iam.aws_iam_role_policy.cloudwatch_logs",
            "module.iam.aws_iam_role_policy.secrets_read",
            "module.iam.aws_iam_role_policy_attachment.ssm",
            "module.iam.data.aws_iam_policy_document.ec2_assume_role",
            "module.monitoring.aws_cloudwatch_log_group.app",
            "module.monitoring.aws_cloudwatch_metric_alarm.rds_cpu_high",
            "module.monitoring.aws_sns_topic.alerts",
            "module.security.aws_security_group.alb",
            "module.security.aws_security_group.db",
            "module.storage.aws_cloudtrail.main",
            "module.storage.aws_s3_bucket.alb_logs",
            "module.storage.aws_s3_bucket.cloudtrail",
            "module.storage.aws_s3_bucket_lifecycle_configuration.alb_logs",
            "module.storage.aws_s3_bucket_policy.alb_logs",
            "module.storage.aws_s3_bucket_policy.cloudtrail",
            "module.storage.aws_s3_bucket_public_access_block.alb_logs",
            "module.storage.aws_s3_bucket_public_access_block.cloudtrail",
            "module.storage.aws_s3_bucket_server_side_encryption_configuration.alb_logs",
            "module.storage.aws_s3_bucket_server_side_encryption_configuration.cloudtrail",
            "module.storage.aws_s3_bucket_versioning.alb_logs",
            "module.storage.aws_s3_bucket_versioning.cloudtrail",
            "module.storage.data.aws_elb_service_account.main",
            "module.storage.random_id.bucket_suffix",
            "module.vpc.aws_subnet.db",
            "module.vpc.aws_subnet.public",
            "module.vpc.aws_vpc.main"
          ]
        }
      ]
    },
    {
      "module": "module.compute",
      "mode": "managed",
      "type": "aws_lb_listener",
      "name": "http",
      "provider": "provider[\"registry.terraform.io/hashicorp/aws\"]",
      "instances": [
        {
          "schema_version": 0,
          "attributes": {
            "alpn_policy": null,
            "arn": "arn:aws:elasticloadbalancing:us-east-1:544994275596:listener/app/hardwarestore-alb/80ccd779633abf85/671e0a5c34dc020a",
            "certificate_arn": null,
            "default_action": [
              {
                "authenticate_cognito": [],
                "authenticate_oidc": [],
                "fixed_response": [],
                "forward": [],
                "order": 1,
                "redirect": [],
                "target_group_arn": "arn:aws:elasticloadbalancing:us-east-1:544994275596:targetgroup/hardwarestore-tg/dc0f9f0c9254c06d",
                "type": "forward"
              }
            ],
            "id": "arn:aws:elasticloadbalancing:us-east-1:544994275596:listener/app/hardwarestore-alb/80ccd779633abf85/671e0a5c34dc020a",
            "load_balancer_arn": "arn:aws:elasticloadbalancing:us-east-1:544994275596:loadbalancer/app/hardwarestore-alb/80ccd779633abf85",
            "mutual_authentication": [],
            "port": 80,
            "protocol": "HTTP",
            "routing_http_request_x_amzn_mtls_clientcert_header_name": null,
            "routing_http_request_x_amzn_mtls_clientcert_issuer_header_name": null,
            "routing_http_request_x_amzn_mtls_clientcert_leaf_header_name": null,
            "routing_http_request_x_amzn_mtls_clientcert_serial_number_header_name": null,
            "routing_http_request_x_amzn_mtls_clientcert_subject_header_name": null,
            "routing_http_request_x_amzn_mtls_clientcert_validity_header_name": null,
            "routing_http_request_x_amzn_tls_cipher_suite_header_name": null,
            "routing_http_request_x_amzn_tls_version_header_name": null,
            "routing_http_response_access_control_allow_credentials_header_value": "",
            "routing_http_response_access_control_allow_headers_header_value": "",
            "routing_http_response_access_control_allow_methods_header_value": "",
            "routing_http_response_access_control_allow_origin_header_value": "",
            "routing_http_response_access_control_expose_headers_header_value": "",
            "routing_http_response_access_control_max_age_header_value": "",
            "routing_http_response_content_security_policy_header_value": "",
            "routing_http_response_server_enabled": true,
            "routing_http_response_strict_transport_security_header_value": "",
            "routing_http_response_x_content_type_options_header_value": "",
            "routing_http_response_x_frame_options_header_value": "",
            "ssl_policy": "",
            "tags": {
              "Name": "hardwarestore-listener-http"
            },
            "tags_all": {
              "Environment": "production",
              "ManagedBy": "Terraform",
              "Name": "hardwarestore-listener-http",
              "Project": "hardwarestore"
            },
            "tcp_idle_timeout_seconds": null,
            "timeouts": null
          },
          "sensitive_attributes": [],
          "identity_schema_version": 0,
          "private": "eyJlMmJmYjczMC1lY2FhLTExZTYtOGY4OC0zNDM2M2JjN2M0YzAiOnsiY3JlYXRlIjozMDAwMDAwMDAwMDAsInVwZGF0ZSI6MzAwMDAwMDAwMDAwfX0=",
          "dependencies": [
            "aws_secretsmanager_secret.app",
            "data.aws_caller_identity.current",
            "module.compute.aws_lb.main",
            "module.compute.aws_lb_target_group.app",
            "module.compute.data.aws_subnet.app_first",
            "module.database.aws_db_instance.main",
            "module.database.aws_db_subnet_group.main",
            "module.database.aws_kms_alias.rds",
            "module.database.aws_kms_key.rds",
            "module.database.data.aws_caller_identity.current",
            "module.iam.aws_iam_instance_profile.app",
            "module.iam.aws_iam_role.app",
            "module.iam.aws_iam_role_policy.cloudwatch_logs",
            "module.iam.aws_iam_role_policy.secrets_read",
            "module.iam.aws_iam_role_policy_attachment.ssm",
            "module.iam.data.aws_iam_policy_document.ec2_assume_role",
            "module.monitoring.aws_cloudwatch_log_group.app",
            "module.monitoring.aws_cloudwatch_metric_alarm.rds_cpu_high",
            "module.monitoring.aws_sns_topic.alerts",
            "module.security.aws_security_group.alb",
            "module.security.aws_security_group.db",
            "module.storage.aws_cloudtrail.main",
            "module.storage.aws_s3_bucket.alb_logs",
            "module.storage.aws_s3_bucket.cloudtrail",
            "module.storage.aws_s3_bucket_lifecycle_configuration.alb_logs",
            "module.storage.aws_s3_bucket_policy.alb_logs",
            "module.storage.aws_s3_bucket_policy.cloudtrail",
            "module.storage.aws_s3_bucket_public_access_block.alb_logs",
            "module.storage.aws_s3_bucket_public_access_block.cloudtrail",
            "module.storage.aws_s3_bucket_server_side_encryption_configuration.alb_logs",
            "module.storage.aws_s3_bucket_server_side_encryption_configuration.cloudtrail",
            "module.storage.aws_s3_bucket_versioning.alb_logs",
            "module.storage.aws_s3_bucket_versioning.cloudtrail",
            "module.storage.data.aws_elb_service_account.main",
            "module.storage.random_id.bucket_suffix",
            "module.vpc.aws_subnet.app",
            "module.vpc.aws_subnet.db",
            "module.vpc.aws_subnet.public",
            "module.vpc.aws_vpc.main"
          ]
        }
      ]
    },
    {
      "module": "module.compute",
      "mode": "managed",
      "type": "aws_lb_target_group",
      "name": "app",
      "provider": "provider[\"registry.terraform.io/hashicorp/aws\"]",
      "instances": [
        {
          "schema_version": 0,
          "attributes": {
            "arn": "arn:aws:elasticloadbalancing:us-east-1:544994275596:targetgroup/hardwarestore-tg/dc0f9f0c9254c06d",
            "arn_suffix": "targetgroup/hardwarestore-tg/dc0f9f0c9254c06d",
            "connection_termination": null,
            "deregistration_delay": "300",
            "health_check": [
              {
                "enabled": true,
                "healthy_threshold": 2,
                "interval": 30,
                "matcher": "200",
                "path": "/health",
                "port": "traffic-port",
                "protocol": "HTTP",
                "timeout": 5,
                "unhealthy_threshold": 3
              }
            ],
            "id": "arn:aws:elasticloadbalancing:us-east-1:544994275596:targetgroup/hardwarestore-tg/dc0f9f0c9254c06d",
            "ip_address_type": "ipv4",
            "lambda_multi_value_headers_enabled": false,
            "load_balancer_arns": [],
            "load_balancing_algorithm_type": "round_robin",
            "load_balancing_anomaly_mitigation": "off",
            "load_balancing_cross_zone_enabled": "use_load_balancer_configuration",
            "name": "hardwarestore-tg",
            "name_prefix": "",
            "port": 5000,
            "preserve_client_ip": null,
            "protocol": "HTTP",
            "protocol_version": "HTTP1",
            "proxy_protocol_v2": false,
            "slow_start": 0,
            "stickiness": [
              {
                "cookie_duration": 86400,
                "cookie_name": "",
                "enabled": false,
                "type": "lb_cookie"
              }
            ],
            "tags": {
              "Name": "hardwarestore-tg"
            },
            "tags_all": {
              "Environment": "production",
              "ManagedBy": "Terraform",
              "Name": "hardwarestore-tg",
              "Project": "hardwarestore"
            },
            "target_failover": [
              {
                "on_deregistration": null,
                "on_unhealthy": null
              }
            ],
            "target_group_health": [
              {
                "dns_failover": [
                  {
                    "minimum_healthy_targets_count": "1",
                    "minimum_healthy_targets_percentage": "off"
                  }
                ],
                "unhealthy_state_routing": [
                  {
                    "minimum_healthy_targets_count": 1,
                    "minimum_healthy_targets_percentage": "off"
                  }
                ]
              }
            ],
            "target_health_state": [
              {
                "enable_unhealthy_connection_termination": null,
                "unhealthy_draining_interval": null
              }
            ],
            "target_type": "instance",
            "vpc_id": "vpc-0c7f0747caff49e38"
          },
          "sensitive_attributes": [],
          "identity_schema_version": 0,
          "private": "bnVsbA==",
          "dependencies": [
            "aws_secretsmanager_secret.app",
            "data.aws_caller_identity.current",
            "module.compute.data.aws_subnet.app_first",
            "module.database.aws_db_instance.main",
            "module.database.aws_db_subnet_group.main",
            "module.database.aws_kms_alias.rds",
            "module.database.aws_kms_key.rds",
            "module.database.data.aws_caller_identity.current",
            "module.iam.aws_iam_instance_profile.app",
            "module.iam.aws_iam_role.app",
            "module.iam.aws_iam_role_policy.cloudwatch_logs",
            "module.iam.aws_iam_role_policy.secrets_read",
            "module.iam.aws_iam_role_policy_attachment.ssm",
            "module.iam.data.aws_iam_policy_document.ec2_assume_role",
            "module.monitoring.aws_cloudwatch_log_group.app",
            "module.monitoring.aws_cloudwatch_metric_alarm.rds_cpu_high",
            "module.monitoring.aws_sns_topic.alerts",
            "module.security.aws_security_group.db",
            "module.storage.aws_cloudtrail.main",
            "module.storage.aws_s3_bucket.alb_logs",
            "module.storage.aws_s3_bucket.cloudtrail",
            "module.storage.aws_s3_bucket_lifecycle_configuration.alb_logs",
            "module.storage.aws_s3_bucket_policy.alb_logs",
            "module.storage.aws_s3_bucket_policy.cloudtrail",
            "module.storage.aws_s3_bucket_public_access_block.alb_logs",
            "module.storage.aws_s3_bucket_public_access_block.cloudtrail",
            "module.storage.aws_s3_bucket_server_side_encryption_configuration.alb_logs",
            "module.storage.aws_s3_bucket_server_side_encryption_configuration.cloudtrail",
            "module.storage.aws_s3_bucket_versioning.alb_logs",
            "module.storage.aws_s3_bucket_versioning.cloudtrail",
            "module.storage.data.aws_elb_service_account.main",
            "module.storage.random_id.bucket_suffix",
            "module.vpc.aws_subnet.app",
            "module.vpc.aws_subnet.db",
            "module.vpc.aws_vpc.main"
          ],
          "create_before_destroy": true
        }
      ]
    },
    {
      "module": "module.compute",
      "mode": "managed",
      "type": "aws_wafv2_web_acl",
      "name": "main",
      "provider": "provider[\"registry.terraform.io/hashicorp/aws\"]",
      "instances": [
        {
          "schema_version": 0,
          "attributes": {
            "application_integration_url": "",
            "arn": "arn:aws:wafv2:us-east-1:544994275596:regional/webacl/hardwarestore-waf/0f906856-b4ad-41fc-a1b4-27477421a494",
            "association_config": [],
            "capacity": 1100,
            "captcha_config": [],
            "challenge_config": [],
            "custom_response_body": [],
            "data_protection_config": [],
            "default_action": [
              {
                "allow": [
                  {
                    "custom_request_handling": []
                  }
                ],
                "block": []
              }
            ],
            "description": "WAF for Hardware Store ALB - blocks OWASP Top 10 threats",
            "id": "0f906856-b4ad-41fc-a1b4-27477421a494",
            "lock_token": "275119e1-7633-42d5-9f77-6b518163c98e",
            "name": "hardwarestore-waf",
            "name_prefix": "",
            "rule": [
              {
                "action": [],
                "captcha_config": [],
                "challenge_config": [],
                "name": "AWSManagedRulesCommonRuleSet",
                "override_action": [
                  {
                    "count": [],
                    "none": [
                      {}
                    ]
                  }
                ],
                "priority": 10,
                "rule_label": [],
                "statement": [
                  {
                    "and_statement": [],
                    "asn_match_statement": [],
                    "byte_match_statement": [],
                    "geo_match_statement": [],
                    "ip_set_reference_statement": [],
                    "label_match_statement": [],
                    "managed_rule_group_statement": [
                      {
                        "managed_rule_group_configs": [],
                        "name": "AWSManagedRulesCommonRuleSet",
                        "rule_action_override": [],
                        "scope_down_statement": [],
                        "vendor_name": "AWS",
                        "version": ""
                      }
                    ],
                    "not_statement": [],
                    "or_statement": [],
                    "rate_based_statement": [],
                    "regex_match_statement": [],
                    "regex_pattern_set_reference_statement": [],
                    "rule_group_reference_statement": [],
                    "size_constraint_statement": [],
                    "sqli_match_statement": [],
                    "xss_match_statement": []
                  }
                ],
                "visibility_config": [
                  {
                    "cloudwatch_metrics_enabled": true,
                    "metric_name": "hardwarestore-waf-common",
                    "sampled_requests_enabled": true
                  }
                ]
              },
              {
                "action": [],
                "captcha_config": [],
                "challenge_config": [],
                "name": "AWSManagedRulesKnownBadInputsRuleSet",
                "override_action": [
                  {
                    "count": [],
                    "none": [
                      {}
                    ]
                  }
                ],
                "priority": 30,
                "rule_label": [],
                "statement": [
                  {
                    "and_statement": [],
                    "asn_match_statement": [],
                    "byte_match_statement": [],
                    "geo_match_statement": [],
                    "ip_set_reference_statement": [],
                    "label_match_statement": [],
                    "managed_rule_group_statement": [
                      {
                        "managed_rule_group_configs": [],
                        "name": "AWSManagedRulesKnownBadInputsRuleSet",
                        "rule_action_override": [],
                        "scope_down_statement": [],
                        "vendor_name": "AWS",
                        "version": ""
                      }
                    ],
                    "not_statement": [],
                    "or_statement": [],
                    "rate_based_statement": [],
                    "regex_match_statement": [],
                    "regex_pattern_set_reference_statement": [],
                    "rule_group_reference_statement": [],
                    "size_constraint_statement": [],
                    "sqli_match_statement": [],
                    "xss_match_statement": []
                  }
                ],
                "visibility_config": [
                  {
                    "cloudwatch_metrics_enabled": true,
                    "metric_name": "hardwarestore-waf-badinputs",
                    "sampled_requests_enabled": true
                  }
                ]
              },
              {
                "action": [],
                "captcha_config": [],
                "challenge_config": [],
                "name": "AWSManagedRulesSQLiRuleSet",
                "override_action": [
                  {
                    "count": [],
                    "none": [
                      {}
                    ]
                  }
                ],
                "priority": 20,
                "rule_label": [],
                "statement": [
                  {
                    "and_statement": [],
                    "asn_match_statement": [],
                    "byte_match_statement": [],
                    "geo_match_statement": [],
                    "ip_set_reference_statement": [],
                    "label_match_statement": [],
                    "managed_rule_group_statement": [
                      {
                        "managed_rule_group_configs": [],
                        "name": "AWSManagedRulesSQLiRuleSet",
                        "rule_action_override": [],
                        "scope_down_statement": [],
                        "vendor_name": "AWS",
                        "version": ""
                      }
                    ],
                    "not_statement": [],
                    "or_statement": [],
                    "rate_based_statement": [],
                    "regex_match_statement": [],
                    "regex_pattern_set_reference_statement": [],
                    "rule_group_reference_statement": [],
                    "size_constraint_statement": [],
                    "sqli_match_statement": [],
                    "xss_match_statement": []
                  }
                ],
                "visibility_config": [
                  {
                    "cloudwatch_metrics_enabled": true,
                    "metric_name": "hardwarestore-waf-sqli",
                    "sampled_requests_enabled": true
                  }
                ]
              }
            ],
            "rule_json": null,
            "scope": "REGIONAL",
            "tags": {
              "Name": "hardwarestore-waf"
            },
            "tags_all": {
              "Environment": "production",
              "ManagedBy": "Terraform",
              "Name": "hardwarestore-waf",
              "Project": "hardwarestore"
            },
            "token_domains": [],
            "visibility_config": [
              {
                "cloudwatch_metrics_enabled": true,
                "metric_name": "hardwarestore-waf",
                "sampled_requests_enabled": true
              }
            ]
          },
          "sensitive_attributes": [],
          "identity_schema_version": 0,
          "private": "bnVsbA==",
          "dependencies": [
            "aws_secretsmanager_secret.app",
            "data.aws_caller_identity.current",
            "module.database.aws_db_instance.main",
            "module.database.aws_db_subnet_group.main",
            "module.database.aws_kms_alias.rds",
            "module.database.aws_kms_key.rds",
            "module.database.data.aws_caller_identity.current",
            "module.iam.aws_iam_instance_profile.app",
            "module.iam.aws_iam_role.app",
            "module.iam.aws_iam_role_policy.cloudwatch_logs",
            "module.iam.aws_iam_role_policy.secrets_read",
            "module.iam.aws_iam_role_policy_attachment.ssm",
            "module.iam.data.aws_iam_policy_document.ec2_assume_role",
            "module.monitoring.aws_cloudwatch_log_group.app",
            "module.monitoring.aws_cloudwatch_metric_alarm.rds_cpu_high",
            "module.monitoring.aws_sns_topic.alerts",
            "module.security.aws_security_group.db",
            "module.storage.aws_cloudtrail.main",
            "module.storage.aws_s3_bucket.alb_logs",
            "module.storage.aws_s3_bucket.cloudtrail",
            "module.storage.aws_s3_bucket_lifecycle_configuration.alb_logs",
            "module.storage.aws_s3_bucket_policy.alb_logs",
            "module.storage.aws_s3_bucket_policy.cloudtrail",
            "module.storage.aws_s3_bucket_public_access_block.alb_logs",
            "module.storage.aws_s3_bucket_public_access_block.cloudtrail",
            "module.storage.aws_s3_bucket_server_side_encryption_configuration.alb_logs",
            "module.storage.aws_s3_bucket_server_side_encryption_configuration.cloudtrail",
            "module.storage.aws_s3_bucket_versioning.alb_logs",
            "module.storage.aws_s3_bucket_versioning.cloudtrail",
            "module.storage.data.aws_elb_service_account.main",
            "module.storage.random_id.bucket_suffix",
            "module.vpc.aws_subnet.db",
            "module.vpc.aws_vpc.main"
          ]
        }
      ]
    },
    {
      "module": "module.compute",
      "mode": "managed",
      "type": "aws_wafv2_web_acl_association",
      "name": "main",
      "provider": "provider[\"registry.terraform.io/hashicorp/aws\"]",
      "instances": [
        {
          "schema_version": 0,
          "attributes": {
            "id": "arn:aws:wafv2:us-east-1:544994275596:regional/webacl/hardwarestore-waf/0f906856-b4ad-41fc-a1b4-27477421a494,arn:aws:elasticloadbalancing:us-east-1:544994275596:loadbalancer/app/hardwarestore-alb/80ccd779633abf85",
            "resource_arn": "arn:aws:elasticloadbalancing:us-east-1:544994275596:loadbalancer/app/hardwarestore-alb/80ccd779633abf85",
            "timeouts": null,
            "web_acl_arn": "arn:aws:wafv2:us-east-1:544994275596:regional/webacl/hardwarestore-waf/0f906856-b4ad-41fc-a1b4-27477421a494"
          },
          "sensitive_attributes": [],
          "identity_schema_version": 0,
          "private": "eyJlMmJmYjczMC1lY2FhLTExZTYtOGY4OC0zNDM2M2JjN2M0YzAiOnsiY3JlYXRlIjo2MDAwMDAwMDAwMDB9fQ==",
          "dependencies": [
            "aws_secretsmanager_secret.app",
            "data.aws_caller_identity.current",
            "module.compute.aws_lb.main",
            "module.compute.aws_wafv2_web_acl.main",
            "module.database.aws_db_instance.main",
            "module.database.aws_db_subnet_group.main",
            "module.database.aws_kms_alias.rds",
            "module.database.aws_kms_key.rds",
            "module.database.data.aws_caller_identity.current",
            "module.iam.aws_iam_instance_profile.app",
            "module.iam.aws_iam_role.app",
            "module.iam.aws_iam_role_policy.cloudwatch_logs",
            "module.iam.aws_iam_role_policy.secrets_read",
            "module.iam.aws_iam_role_policy_attachment.ssm",
            "module.iam.data.aws_iam_policy_document.ec2_assume_role",
            "module.monitoring.aws_cloudwatch_log_group.app",
            "module.monitoring.aws_cloudwatch_metric_alarm.rds_cpu_high",
            "module.monitoring.aws_sns_topic.alerts",
            "module.security.aws_security_group.alb",
            "module.security.aws_security_group.db",
            "module.storage.aws_cloudtrail.main",
            "module.storage.aws_s3_bucket.alb_logs",
            "module.storage.aws_s3_bucket.cloudtrail",
            "module.storage.aws_s3_bucket_lifecycle_configuration.alb_logs",
            "module.storage.aws_s3_bucket_policy.alb_logs",
            "module.storage.aws_s3_bucket_policy.cloudtrail",
            "module.storage.aws_s3_bucket_public_access_block.alb_logs",
            "module.storage.aws_s3_bucket_public_access_block.cloudtrail",
            "module.storage.aws_s3_bucket_server_side_encryption_configuration.alb_logs",
            "module.storage.aws_s3_bucket_server_side_encryption_configuration.cloudtrail",
            "module.storage.aws_s3_bucket_versioning.alb_logs",
            "module.storage.aws_s3_bucket_versioning.cloudtrail",
            "module.storage.data.aws_elb_service_account.main",
            "module.storage.random_id.bucket_suffix",
            "module.vpc.aws_subnet.db",
            "module.vpc.aws_subnet.public",
            "module.vpc.aws_vpc.main"
          ]
        }
      ]
    },
    {
      "module": "module.database",
      "mode": "data",
      "type": "aws_caller_identity",
      "name": "current",
      "provider": "provider[\"registry.terraform.io/hashicorp/aws\"]",
      "instances": [
        {
          "schema_version": 0,
          "attributes": {
            "account_id": "544994275596",
            "arn": "arn:aws:iam::544994275596:user/claude-code-user",
            "id": "544994275596",
            "user_id": "AIDAX5ZBQWEGNIIUFJV6C"
          },
          "sensitive_attributes": [],
          "identity_schema_version": 0
        }
      ]
    },
    {
      "module": "module.database",
      "mode": "managed",
      "type": "aws_db_instance",
      "name": "main",
      "provider": "provider[\"registry.terraform.io/hashicorp/aws\"]",
      "instances": [
        {
          "schema_version": 2,
          "attributes": {
            "address": "hardwarestore-rds.c2fakumes2zv.us-east-1.rds.amazonaws.com",
            "allocated_storage": 20,
            "allow_major_version_upgrade": null,
            "apply_immediately": true,
            "arn": "arn:aws:rds:us-east-1:544994275596:db:hardwarestore-rds",
            "auto_minor_version_upgrade": true,
            "availability_zone": "us-east-1a",
            "backup_retention_period": 7,
            "backup_target": "region",
            "backup_window": "02:00-03:00",
            "blue_green_update": [],
            "ca_cert_identifier": "rds-ca-rsa2048-g1",
            "character_set_name": "",
            "copy_tags_to_snapshot": true,
            "custom_iam_instance_profile": "",
            "customer_owned_ip_enabled": false,
            "database_insights_mode": "standard",
            "db_name": "hardwarestore",
            "db_subnet_group_name": "hardwarestore-db-subnet-group",
            "dedicated_log_volume": false,
            "delete_automated_backups": true,
            "deletion_protection": false,
            "domain": "",
            "domain_auth_secret_arn": "",
            "domain_dns_ips": [],
            "domain_fqdn": "",
            "domain_iam_role_name": "",
            "domain_ou": "",
            "enabled_cloudwatch_logs_exports": [],
            "endpoint": "hardwarestore-rds.c2fakumes2zv.us-east-1.rds.amazonaws.com:5432",
            "engine": "postgres",
            "engine_lifecycle_support": "open-source-rds-extended-support",
            "engine_version": "15",
            "engine_version_actual": "15.17",
            "final_snapshot_identifier": null,
            "hosted_zone_id": "Z2R2ITUGPM61AM",
            "iam_database_authentication_enabled": false,
            "id": "db-HCBJABSEIJ7DZPKF62MGGPUYQY",
            "identifier": "hardwarestore-rds",
            "identifier_prefix": "",
            "instance_class": "db.t3.micro",
            "iops": 3000,
            "kms_key_id": "arn:aws:kms:us-east-1:544994275596:key/aca62c58-78da-4676-bd9f-16d98661cec2",
            "latest_restorable_time": "2026-07-03T13:49:22Z",
            "license_model": "postgresql-license",
            "listener_endpoint": [],
            "maintenance_window": "sun:04:00-sun:05:00",
            "manage_master_user_password": null,
            "master_user_secret": [],
            "master_user_secret_kms_key_id": null,
            "max_allocated_storage": 100,
            "monitoring_interval": 0,
            "monitoring_role_arn": "",
            "multi_az": true,
            "nchar_character_set_name": "",
            "network_type": "IPV4",
            "option_group_name": "default:postgres-15",
            "parameter_group_name": "default.postgres15",
            "password": "Hardware2024Secure",
            "password_wo": null,
            "password_wo_version": null,
            "performance_insights_enabled": true,
            "performance_insights_kms_key_id": "arn:aws:kms:us-east-1:544994275596:key/0cd55a67-6c39-4dda-af97-87c700d2c897",
            "performance_insights_retention_period": 7,
            "port": 5432,
            "publicly_accessible": false,
            "replica_mode": "",
            "replicas": [],
            "replicate_source_db": "",
            "resource_id": "db-HCBJABSEIJ7DZPKF62MGGPUYQY",
            "restore_to_point_in_time": [],
            "s3_import": [],
            "skip_final_snapshot": true,
            "snapshot_identifier": null,
            "status": "available",
            "storage_encrypted": true,
            "storage_throughput": 125,
            "storage_type": "gp3",
            "tags": {
              "Name": "hardwarestore-rds"
            },
            "tags_all": {
              "Environment": "production",
              "ManagedBy": "Terraform",
              "Name": "hardwarestore-rds",
              "Project": "hardwarestore"
            },
            "timeouts": null,
            "timezone": "",
            "upgrade_storage_config": null,
            "username": "appuser",
            "vpc_security_group_ids": [
              "sg-0ea1759c2d858970d"
            ]
          },
          "sensitive_attributes": [
            [
              {
                "type": "get_attr",
                "value": "password"
              }
            ],
            [
              {
                "type": "get_attr",
                "value": "password_wo"
              }
            ]
          ],
          "identity_schema_version": 0,
          "private": "eyJlMmJmYjczMC1lY2FhLTExZTYtOGY4OC0zNDM2M2JjN2M0YzAiOnsiY3JlYXRlIjozMDAwMDAwMDAwMDAwLCJkZWxldGUiOjM2MDAwMDAwMDAwMDAsInVwZGF0ZSI6NDgwMDAwMDAwMDAwMH0sInNjaGVtYV92ZXJzaW9uIjoiMiJ9",
          "dependencies": [
            "module.database.aws_db_subnet_group.main",
            "module.database.aws_kms_key.rds",
            "module.security.aws_security_group.db",
            "module.vpc.aws_subnet.db",
            "module.vpc.aws_vpc.main"
          ],
          "create_before_destroy": true
        }
      ]
    },
    {
      "module": "module.database",
      "mode": "managed",
      "type": "aws_db_subnet_group",
      "name": "main",
      "provider": "provider[\"registry.terraform.io/hashicorp/aws\"]",
      "instances": [
        {
          "schema_version": 0,
          "attributes": {
            "arn": "arn:aws:rds:us-east-1:544994275596:subgrp:hardwarestore-db-subnet-group",
            "description": "Subnet group for hardwarestore RDS - private DB subnets only",
            "id": "hardwarestore-db-subnet-group",
            "name": "hardwarestore-db-subnet-group",
            "name_prefix": "",
            "subnet_ids": [
              "subnet-0568c832624de7640",
              "subnet-0dc7dd571d56d311f"
            ],
            "supported_network_types": [
              "IPV4"
            ],
            "tags": {
              "Name": "hardwarestore-db-subnet-group"
            },
            "tags_all": {
              "Environment": "production",
              "ManagedBy": "Terraform",
              "Name": "hardwarestore-db-subnet-group",
              "Project": "hardwarestore"
            },
            "vpc_id": "vpc-0c7f0747caff49e38"
          },
          "sensitive_attributes": [],
          "identity_schema_version": 0,
          "private": "bnVsbA==",
          "dependencies": [
            "module.vpc.aws_subnet.db",
            "module.vpc.aws_vpc.main"
          ],
          "create_before_destroy": true
        }
      ]
    },
    {
      "module": "module.database",
      "mode": "managed",
      "type": "aws_kms_alias",
      "name": "rds",
      "provider": "provider[\"registry.terraform.io/hashicorp/aws\"]",
      "instances": [
        {
          "schema_version": 0,
          "attributes": {
            "arn": "arn:aws:kms:us-east-1:544994275596:alias/hardwarestore-rds",
            "id": "alias/hardwarestore-rds",
            "name": "alias/hardwarestore-rds",
            "name_prefix": "",
            "target_key_arn": "arn:aws:kms:us-east-1:544994275596:key/aca62c58-78da-4676-bd9f-16d98661cec2",
            "target_key_id": "aca62c58-78da-4676-bd9f-16d98661cec2"
          },
          "sensitive_attributes": [],
          "identity_schema_version": 0,
          "private": "bnVsbA==",
          "dependencies": [
            "module.database.aws_kms_key.rds"
          ],
          "create_before_destroy": true
        }
      ]
    },
    {
      "module": "module.database",
      "mode": "managed",
      "type": "aws_kms_key",
      "name": "rds",
      "provider": "provider[\"registry.terraform.io/hashicorp/aws\"]",
      "instances": [
        {
          "schema_version": 0,
          "attributes": {
            "arn": "arn:aws:kms:us-east-1:544994275596:key/aca62c58-78da-4676-bd9f-16d98661cec2",
            "bypass_policy_lockout_safety_check": false,
            "custom_key_store_id": "",
            "customer_master_key_spec": "SYMMETRIC_DEFAULT",
            "deletion_window_in_days": 7,
            "description": "KMS key for RDS PostgreSQL encryption at rest - hardwarestore",
            "enable_key_rotation": true,
            "id": "aca62c58-78da-4676-bd9f-16d98661cec2",
            "is_enabled": true,
            "key_id": "aca62c58-78da-4676-bd9f-16d98661cec2",
            "key_usage": "ENCRYPT_DECRYPT",
            "multi_region": false,
            "policy": "{\"Id\":\"key-default-1\",\"Statement\":[{\"Action\":\"kms:*\",\"Effect\":\"Allow\",\"Principal\":{\"AWS\":\"arn:aws:iam::544994275596:root\"},\"Resource\":\"*\",\"Sid\":\"Enable IAM User Permissions\"}],\"Version\":\"2012-10-17\"}",
            "rotation_period_in_days": 365,
            "tags": {
              "Name": "hardwarestore-kms-rds"
            },
            "tags_all": {
              "Environment": "production",
              "ManagedBy": "Terraform",
              "Name": "hardwarestore-kms-rds",
              "Project": "hardwarestore"
            },
            "timeouts": null,
            "xks_key_id": ""
          },
          "sensitive_attributes": [],
          "identity_schema_version": 0,
          "private": "eyJlMmJmYjczMC1lY2FhLTExZTYtOGY4OC0zNDM2M2JjN2M0YzAiOnsiY3JlYXRlIjoxMjAwMDAwMDAwMDB9fQ==",
          "create_before_destroy": true
        }
      ]
    },
    {
      "module": "module.iam",
      "mode": "data",
      "type": "aws_iam_policy_document",
      "name": "ec2_assume_role",
      "provider": "provider[\"registry.terraform.io/hashicorp/aws\"]",
      "instances": [
        {
          "schema_version": 0,
          "attributes": {
            "id": "2851119427",
            "json": "{\n  \"Version\": \"2012-10-17\",\n  \"Statement\": [\n    {\n      \"Effect\": \"Allow\",\n      \"Action\": \"sts:AssumeRole\",\n      \"Principal\": {\n        \"Service\": \"ec2.amazonaws.com\"\n      }\n    }\n  ]\n}",
            "minified_json": "{\"Version\":\"2012-10-17\",\"Statement\":[{\"Effect\":\"Allow\",\"Action\":\"sts:AssumeRole\",\"Principal\":{\"Service\":\"ec2.amazonaws.com\"}}]}",
            "override_json": null,
            "override_policy_documents": null,
            "policy_id": null,
            "source_json": null,
            "source_policy_documents": null,
            "statement": [
              {
                "actions": [
                  "sts:AssumeRole"
                ],
                "condition": [],
                "effect": "Allow",
                "not_actions": [],
                "not_principals": [],
                "not_resources": [],
                "principals": [
                  {
                    "identifiers": [
                      "ec2.amazonaws.com"
                    ],
                    "type": "Service"
                  }
                ],
                "resources": [],
                "sid": ""
              }
            ],
            "version": "2012-10-17"
          },
          "sensitive_attributes": [],
          "identity_schema_version": 0
        }
      ]
    },
    {
      "module": "module.iam",
      "mode": "managed",
      "type": "aws_iam_instance_profile",
      "name": "app",
      "provider": "provider[\"registry.terraform.io/hashicorp/aws\"]",
      "instances": [
        {
          "schema_version": 0,
          "attributes": {
            "arn": "arn:aws:iam::544994275596:instance-profile/hardwarestore-ec2-profile",
            "create_date": "2026-07-03T13:46:01Z",
            "id": "hardwarestore-ec2-profile",
            "name": "hardwarestore-ec2-profile",
            "name_prefix": "",
            "path": "/",
            "role": "hardwarestore-ec2-role",
            "tags": {
              "Name": "hardwarestore-ec2-profile"
            },
            "tags_all": {
              "Environment": "production",
              "ManagedBy": "Terraform",
              "Name": "hardwarestore-ec2-profile",
              "Project": "hardwarestore"
            },
            "unique_id": "AIPAX5ZBQWEGJGERLD24R"
          },
          "sensitive_attributes": [],
          "identity_schema_version": 0,
          "private": "bnVsbA==",
          "dependencies": [
            "module.database.aws_db_instance.main",
            "module.database.aws_db_subnet_group.main",
            "module.database.aws_kms_alias.rds",
            "module.database.aws_kms_key.rds",
            "module.database.data.aws_caller_identity.current",
            "module.iam.aws_iam_role.app",
            "module.iam.data.aws_iam_policy_document.ec2_assume_role",
            "module.monitoring.aws_cloudwatch_log_group.app",
            "module.monitoring.aws_cloudwatch_metric_alarm.rds_cpu_high",
            "module.monitoring.aws_sns_topic.alerts",
            "module.security.aws_security_group.db",
            "module.vpc.aws_subnet.db",
            "module.vpc.aws_vpc.main"
          ],
          "create_before_destroy": true
        }
      ]
    },
    {
      "module": "module.iam",
      "mode": "managed",
      "type": "aws_iam_role",
      "name": "app",
      "provider": "provider[\"registry.terraform.io/hashicorp/aws\"]",
      "instances": [
        {
          "schema_version": 0,
          "attributes": {
            "arn": "arn:aws:iam::544994275596:role/hardwarestore-ec2-role",
            "assume_role_policy": "{\"Statement\":[{\"Action\":\"sts:AssumeRole\",\"Effect\":\"Allow\",\"Principal\":{\"Service\":\"ec2.amazonaws.com\"}}],\"Version\":\"2012-10-17\"}",
            "create_date": "2026-07-03T13:45:58Z",
            "description": "Least-privilege role for Hardware Store app EC2 instances",
            "force_detach_policies": false,
            "id": "hardwarestore-ec2-role",
            "inline_policy": [
              {
                "name": "CloudWatchLogsWrite",
                "policy": "{\"Version\":\"2012-10-17\",\"Statement\":[{\"Action\":[\"logs:CreateLogGroup\",\"logs:CreateLogStream\",\"logs:PutLogEvents\",\"logs:DescribeLogStreams\"],\"Effect\":\"Allow\",\"Resource\":[\"arn:aws:logs:us-east-1:544994275596:log-group:hardwarestore-app\",\"arn:aws:logs:us-east-1:544994275596:log-group:hardwarestore-app:*\"],\"Sid\":\"WriteAppLogs\"}]}"
              },
              {
                "name": "SecretsManagerReadOne",
                "policy": "{\"Version\":\"2012-10-17\",\"Statement\":[{\"Action\":[\"secretsmanager:GetSecretValue\",\"secretsmanager:DescribeSecret\"],\"Effect\":\"Allow\",\"Resource\":[\"arn:aws:secretsmanager:us-east-1:544994275596:secret:hardwarestore/db-wpCWNc\"],\"Sid\":\"ReadAppSecret\"}]}"
              }
            ],
            "managed_policy_arns": [
              "arn:aws:iam::aws:policy/AmazonSSMManagedInstanceCore"
            ],
            "max_session_duration": 3600,
            "name": "hardwarestore-ec2-role",
            "name_prefix": "",
            "path": "/",
            "permissions_boundary": "",
            "tags": {
              "Name": "hardwarestore-ec2-role"
            },
            "tags_all": {
              "Environment": "production",
              "ManagedBy": "Terraform",
              "Name": "hardwarestore-ec2-role",
              "Project": "hardwarestore"
            },
            "unique_id": "AROAX5ZBQWEGPOHGHJXJG"
          },
          "sensitive_attributes": [],
          "identity_schema_version": 0,
          "private": "bnVsbA==",
          "dependencies": [
            "module.database.aws_db_instance.main",
            "module.database.aws_db_subnet_group.main",
            "module.database.aws_kms_alias.rds",
            "module.database.aws_kms_key.rds",
            "module.database.data.aws_caller_identity.current",
            "module.iam.data.aws_iam_policy_document.ec2_assume_role",
            "module.monitoring.aws_cloudwatch_log_group.app",
            "module.monitoring.aws_cloudwatch_metric_alarm.rds_cpu_high",
            "module.monitoring.aws_sns_topic.alerts",
            "module.security.aws_security_group.db",
            "module.vpc.aws_subnet.db",
            "module.vpc.aws_vpc.main"
          ],
          "create_before_destroy": true
        }
      ]
    },
    {
      "module": "module.iam",
      "mode": "managed",
      "type": "aws_iam_role_policy",
      "name": "cloudwatch_logs",
      "provider": "provider[\"registry.terraform.io/hashicorp/aws\"]",
      "instances": [
        {
          "schema_version": 0,
          "attributes": {
            "id": "hardwarestore-ec2-role:CloudWatchLogsWrite",
            "name": "CloudWatchLogsWrite",
            "name_prefix": "",
            "policy": "{\"Version\":\"2012-10-17\",\"Statement\":[{\"Action\":[\"logs:CreateLogGroup\",\"logs:CreateLogStream\",\"logs:PutLogEvents\",\"logs:DescribeLogStreams\"],\"Effect\":\"Allow\",\"Resource\":[\"arn:aws:logs:us-east-1:544994275596:log-group:hardwarestore-app\",\"arn:aws:logs:us-east-1:544994275596:log-group:hardwarestore-app:*\"],\"Sid\":\"WriteAppLogs\"}]}",
            "role": "hardwarestore-ec2-role"
          },
          "sensitive_attributes": [],
          "identity_schema_version": 0,
          "private": "bnVsbA==",
          "dependencies": [
            "module.database.aws_db_instance.main",
            "module.database.aws_db_subnet_group.main",
            "module.database.aws_kms_alias.rds",
            "module.database.aws_kms_key.rds",
            "module.database.data.aws_caller_identity.current",
            "module.iam.aws_iam_role.app",
            "module.iam.data.aws_iam_policy_document.ec2_assume_role",
            "module.monitoring.aws_cloudwatch_log_group.app",
            "module.monitoring.aws_cloudwatch_metric_alarm.rds_cpu_high",
            "module.monitoring.aws_sns_topic.alerts",
            "module.security.aws_security_group.db",
            "module.vpc.aws_subnet.db",
            "module.vpc.aws_vpc.main"
          ],
          "create_before_destroy": true
        }
      ]
    },
    {
      "module": "module.iam",
      "mode": "managed",
      "type": "aws_iam_role_policy",
      "name": "secrets_read",
      "provider": "provider[\"registry.terraform.io/hashicorp/aws\"]",
      "instances": [
        {
          "schema_version": 0,
          "attributes": {
            "id": "hardwarestore-ec2-role:SecretsManagerReadOne",
            "name": "SecretsManagerReadOne",
            "name_prefix": "",
            "policy": "{\"Version\":\"2012-10-17\",\"Statement\":[{\"Action\":[\"secretsmanager:GetSecretValue\",\"secretsmanager:DescribeSecret\"],\"Effect\":\"Allow\",\"Resource\":[\"arn:aws:secretsmanager:us-east-1:544994275596:secret:hardwarestore/db-wpCWNc\"],\"Sid\":\"ReadAppSecret\"}]}",
            "role": "hardwarestore-ec2-role"
          },
          "sensitive_attributes": [],
          "identity_schema_version": 0,
          "private": "bnVsbA==",
          "dependencies": [
            "aws_secretsmanager_secret.app",
            "module.database.aws_db_instance.main",
            "module.database.aws_db_subnet_group.main",
            "module.database.aws_kms_alias.rds",
            "module.database.aws_kms_key.rds",
            "module.database.data.aws_caller_identity.current",
            "module.iam.aws_iam_role.app",
            "module.iam.data.aws_iam_policy_document.ec2_assume_role",
            "module.monitoring.aws_cloudwatch_log_group.app",
            "module.monitoring.aws_cloudwatch_metric_alarm.rds_cpu_high",
            "module.monitoring.aws_sns_topic.alerts",
            "module.security.aws_security_group.db",
            "module.vpc.aws_subnet.db",
            "module.vpc.aws_vpc.main"
          ],
          "create_before_destroy": true
        }
      ]
    },
    {
      "module": "module.iam",
      "mode": "managed",
      "type": "aws_iam_role_policy_attachment",
      "name": "ssm",
      "provider": "provider[\"registry.terraform.io/hashicorp/aws\"]",
      "instances": [
        {
          "schema_version": 0,
          "attributes": {
            "id": "hardwarestore-ec2-role-20260703134600336400000002",
            "policy_arn": "arn:aws:iam::aws:policy/AmazonSSMManagedInstanceCore",
            "role": "hardwarestore-ec2-role"
          },
          "sensitive_attributes": [],
          "identity_schema_version": 0,
          "private": "bnVsbA==",
          "dependencies": [
            "module.database.aws_db_instance.main",
            "module.database.aws_db_subnet_group.main",
            "module.database.aws_kms_alias.rds",
            "module.database.aws_kms_key.rds",
            "module.database.data.aws_caller_identity.current",
            "module.iam.aws_iam_role.app",
            "module.iam.data.aws_iam_policy_document.ec2_assume_role",
            "module.monitoring.aws_cloudwatch_log_group.app",
            "module.monitoring.aws_cloudwatch_metric_alarm.rds_cpu_high",
            "module.monitoring.aws_sns_topic.alerts",
            "module.security.aws_security_group.db",
            "module.vpc.aws_subnet.db",
            "module.vpc.aws_vpc.main"
          ],
          "create_before_destroy": true
        }
      ]
    },
    {
      "module": "module.monitoring",
      "mode": "managed",
      "type": "aws_cloudwatch_log_group",
      "name": "app",
      "provider": "provider[\"registry.terraform.io/hashicorp/aws\"]",
      "instances": [
        {
          "schema_version": 0,
          "attributes": {
            "arn": "arn:aws:logs:us-east-1:544994275596:log-group:hardwarestore-app",
            "id": "hardwarestore-app",
            "kms_key_id": "",
            "log_group_class": "STANDARD",
            "name": "hardwarestore-app",
            "name_prefix": "",
            "retention_in_days": 30,
            "skip_destroy": false,
            "tags": {
              "Name": "hardwarestore-log-group"
            },
            "tags_all": {
              "Environment": "production",
              "ManagedBy": "Terraform",
              "Name": "hardwarestore-log-group",
              "Project": "hardwarestore"
            }
          },
          "sensitive_attributes": [],
          "identity_schema_version": 0,
          "private": "bnVsbA==",
          "dependencies": [
            "module.database.aws_db_instance.main",
            "module.database.aws_db_subnet_group.main",
            "module.database.aws_kms_alias.rds",
            "module.database.aws_kms_key.rds",
            "module.database.data.aws_caller_identity.current",
            "module.security.aws_security_group.db",
            "module.vpc.aws_subnet.db",
            "module.vpc.aws_vpc.main"
          ],
          "create_before_destroy": true
        }
      ]
    },
    {
      "module": "module.monitoring",
      "mode": "managed",
      "type": "aws_cloudwatch_metric_alarm",
      "name": "rds_cpu_high",
      "provider": "provider[\"registry.terraform.io/hashicorp/aws\"]",
      "instances": [
        {
          "schema_version": 1,
          "attributes": {
            "actions_enabled": true,
            "alarm_actions": [
              "arn:aws:sns:us-east-1:544994275596:hardwarestore-alerts"
            ],
            "alarm_description": "RDS CPU utilisation exceeded 80% - potential performance or security issue",
            "alarm_name": "hardwarestore-rds-cpu-high",
            "arn": "arn:aws:cloudwatch:us-east-1:544994275596:alarm:hardwarestore-rds-cpu-high",
            "comparison_operator": "GreaterThanThreshold",
            "datapoints_to_alarm": 0,
            "dimensions": {
              "DBInstanceIdentifier": "hardwarestore-rds"
            },
            "evaluate_low_sample_count_percentiles": "",
            "evaluation_periods": 2,
            "extended_statistic": "",
            "id": "hardwarestore-rds-cpu-high",
            "insufficient_data_actions": [],
            "metric_name": "CPUUtilization",
            "metric_query": [],
            "namespace": "AWS/RDS",
            "ok_actions": [
              "arn:aws:sns:us-east-1:544994275596:hardwarestore-alerts"
            ],
            "period": 300,
            "statistic": "Average",
            "tags": {
              "Name": "hardwarestore-alarm-rds-cpu"
            },
            "tags_all": {
              "Environment": "production",
              "ManagedBy": "Terraform",
              "Name": "hardwarestore-alarm-rds-cpu",
              "Project": "hardwarestore"
            },
            "threshold": 80,
            "threshold_metric_id": "",
            "treat_missing_data": "notBreaching",
            "unit": ""
          },
          "sensitive_attributes": [],
          "identity_schema_version": 0,
          "private": "eyJzY2hlbWFfdmVyc2lvbiI6IjEifQ==",
          "dependencies": [
            "module.database.aws_db_instance.main",
            "module.database.aws_db_subnet_group.main",
            "module.database.aws_kms_alias.rds",
            "module.database.aws_kms_key.rds",
            "module.database.data.aws_caller_identity.current",
            "module.monitoring.aws_sns_topic.alerts",
            "module.security.aws_security_group.db",
            "module.vpc.aws_subnet.db",
            "module.vpc.aws_vpc.main"
          ],
          "create_before_destroy": true
        }
      ]
    },
    {
      "module": "module.monitoring",
      "mode": "managed",
      "type": "aws_sns_topic",
      "name": "alerts",
      "provider": "provider[\"registry.terraform.io/hashicorp/aws\"]",
      "instances": [
        {
          "schema_version": 0,
          "attributes": {
            "application_failure_feedback_role_arn": "",
            "application_success_feedback_role_arn": "",
            "application_success_feedback_sample_rate": 0,
            "archive_policy": "",
            "arn": "arn:aws:sns:us-east-1:544994275596:hardwarestore-alerts",
            "beginning_archive_time": "",
            "content_based_deduplication": false,
            "delivery_policy": "",
            "display_name": "",
            "fifo_throughput_scope": "",
            "fifo_topic": false,
            "firehose_failure_feedback_role_arn": "",
            "firehose_success_feedback_role_arn": "",
            "firehose_success_feedback_sample_rate": 0,
            "http_failure_feedback_role_arn": "",
            "http_success_feedback_role_arn": "",
            "http_success_feedback_sample_rate": 0,
            "id": "arn:aws:sns:us-east-1:544994275596:hardwarestore-alerts",
            "kms_master_key_id": "",
            "lambda_failure_feedback_role_arn": "",
            "lambda_success_feedback_role_arn": "",
            "lambda_success_feedback_sample_rate": 0,
            "name": "hardwarestore-alerts",
            "name_prefix": "",
            "owner": "544994275596",
            "policy": "{\"Id\":\"__default_policy_ID\",\"Statement\":[{\"Action\":[\"SNS:GetTopicAttributes\",\"SNS:SetTopicAttributes\",\"SNS:AddPermission\",\"SNS:RemovePermission\",\"SNS:DeleteTopic\",\"SNS:Subscribe\",\"SNS:ListSubscriptionsByTopic\",\"SNS:Publish\"],\"Condition\":{\"StringEquals\":{\"AWS:SourceOwner\":\"544994275596\"}},\"Effect\":\"Allow\",\"Principal\":{\"AWS\":\"*\"},\"Resource\":\"arn:aws:sns:us-east-1:544994275596:hardwarestore-alerts\",\"Sid\":\"__default_statement_ID\"}],\"Version\":\"2008-10-17\"}",
            "signature_version": 0,
            "sqs_failure_feedback_role_arn": "",
            "sqs_success_feedback_role_arn": "",
            "sqs_success_feedback_sample_rate": 0,
            "tags": {
              "Name": "hardwarestore-alerts"
            },
            "tags_all": {
              "Environment": "production",
              "ManagedBy": "Terraform",
              "Name": "hardwarestore-alerts",
              "Project": "hardwarestore"
            },
            "tracing_config": ""
          },
          "sensitive_attributes": [],
          "identity_schema_version": 0,
          "private": "bnVsbA==",
          "dependencies": [
            "module.database.aws_db_instance.main",
            "module.database.aws_db_subnet_group.main",
            "module.database.aws_kms_alias.rds",
            "module.database.aws_kms_key.rds",
            "module.database.data.aws_caller_identity.current",
            "module.security.aws_security_group.db",
            "module.vpc.aws_subnet.db",
            "module.vpc.aws_vpc.main"
          ],
          "create_before_destroy": true
        }
      ]
    },
    {
      "module": "module.security",
      "mode": "managed",
      "type": "aws_network_acl",
      "name": "app",
      "provider": "provider[\"registry.terraform.io/hashicorp/aws\"]",
      "instances": [
        {
          "schema_version": 0,
          "attributes": {
            "arn": "arn:aws:ec2:us-east-1:544994275596:network-acl/acl-0111a257f8a4ec1a7",
            "egress": [
              {
                "action": "allow",
                "cidr_block": "0.0.0.0/0",
                "from_port": 443,
                "icmp_code": 0,
                "icmp_type": 0,
                "ipv6_cidr_block": "",
                "protocol": "6",
                "rule_no": 100,
                "to_port": 443
              },
              {
                "action": "allow",
                "cidr_block": "10.0.0.0/16",
                "from_port": 1024,
                "icmp_code": 0,
                "icmp_type": 0,
                "ipv6_cidr_block": "",
                "protocol": "6",
                "rule_no": 120,
                "to_port": 65535
              },
              {
                "action": "allow",
                "cidr_block": "10.0.0.0/16",
                "from_port": 5432,
                "icmp_code": 0,
                "icmp_type": 0,
                "ipv6_cidr_block": "",
                "protocol": "6",
                "rule_no": 110,
                "to_port": 5432
              }
            ],
            "id": "acl-0111a257f8a4ec1a7",
            "ingress": [
              {
                "action": "allow",
                "cidr_block": "0.0.0.0/0",
                "from_port": 1024,
                "icmp_code": 0,
                "icmp_type": 0,
                "ipv6_cidr_block": "",
                "protocol": "6",
                "rule_no": 110,
                "to_port": 65535
              },
              {
                "action": "allow",
                "cidr_block": "10.0.0.0/16",
                "from_port": 5000,
                "icmp_code": 0,
                "icmp_type": 0,
                "ipv6_cidr_block": "",
                "protocol": "6",
                "rule_no": 100,
                "to_port": 5000
              }
            ],
            "owner_id": "544994275596",
            "subnet_ids": [
              "subnet-0067b2774c354e9d8",
              "subnet-06a72acaaf0acf654"
            ],
            "tags": {
              "Name": "hardwarestore-nacl-app"
            },
            "tags_all": {
              "Environment": "production",
              "ManagedBy": "Terraform",
              "Name": "hardwarestore-nacl-app",
              "Project": "hardwarestore"
            },
            "vpc_id": "vpc-0c7f0747caff49e38"
          },
          "sensitive_attributes": [],
          "identity_schema_version": 0,
          "private": "bnVsbA==",
          "dependencies": [
            "module.vpc.aws_subnet.app",
            "module.vpc.aws_vpc.main"
          ]
        }
      ]
    },
    {
      "module": "module.security",
      "mode": "managed",
      "type": "aws_network_acl",
      "name": "db",
      "provider": "provider[\"registry.terraform.io/hashicorp/aws\"]",
      "instances": [
        {
          "schema_version": 0,
          "attributes": {
            "arn": "arn:aws:ec2:us-east-1:544994275596:network-acl/acl-0678e1713124799ec",
            "egress": [
              {
                "action": "allow",
                "cidr_block": "10.0.0.0/16",
                "from_port": 1024,
                "icmp_code": 0,
                "icmp_type": 0,
                "ipv6_cidr_block": "",
                "protocol": "6",
                "rule_no": 100,
                "to_port": 65535
              }
            ],
            "id": "acl-0678e1713124799ec",
            "ingress": [
              {
                "action": "allow",
                "cidr_block": "10.0.3.0/24",
                "from_port": 5432,
                "icmp_code": 0,
                "icmp_type": 0,
                "ipv6_cidr_block": "",
                "protocol": "6",
                "rule_no": 100,
                "to_port": 5432
              },
              {
                "action": "allow",
                "cidr_block": "10.0.4.0/24",
                "from_port": 5432,
                "icmp_code": 0,
                "icmp_type": 0,
                "ipv6_cidr_block": "",
                "protocol": "6",
                "rule_no": 110,
                "to_port": 5432
              }
            ],
            "owner_id": "544994275596",
            "subnet_ids": [
              "subnet-0568c832624de7640",
              "subnet-0dc7dd571d56d311f"
            ],
            "tags": {
              "Name": "hardwarestore-nacl-db"
            },
            "tags_all": {
              "Environment": "production",
              "ManagedBy": "Terraform",
              "Name": "hardwarestore-nacl-db",
              "Project": "hardwarestore"
            },
            "vpc_id": "vpc-0c7f0747caff49e38"
          },
          "sensitive_attributes": [],
          "identity_schema_version": 0,
          "private": "bnVsbA==",
          "dependencies": [
            "module.vpc.aws_subnet.db",
            "module.vpc.aws_vpc.main"
          ]
        }
      ]
    },
    {
      "module": "module.security",
      "mode": "managed",
      "type": "aws_network_acl",
      "name": "public",
      "provider": "provider[\"registry.terraform.io/hashicorp/aws\"]",
      "instances": [
        {
          "schema_version": 0,
          "attributes": {
            "arn": "arn:aws:ec2:us-east-1:544994275596:network-acl/acl-0359111f5783c6a49",
            "egress": [
              {
                "action": "allow",
                "cidr_block": "0.0.0.0/0",
                "from_port": 1024,
                "icmp_code": 0,
                "icmp_type": 0,
                "ipv6_cidr_block": "",
                "protocol": "6",
                "rule_no": 110,
                "to_port": 65535
              },
              {
                "action": "allow",
                "cidr_block": "10.0.0.0/16",
                "from_port": 5000,
                "icmp_code": 0,
                "icmp_type": 0,
                "ipv6_cidr_block": "",
                "protocol": "6",
                "rule_no": 100,
                "to_port": 5000
              }
            ],
            "id": "acl-0359111f5783c6a49",
            "ingress": [
              {
                "action": "allow",
                "cidr_block": "0.0.0.0/0",
                "from_port": 1024,
                "icmp_code": 0,
                "icmp_type": 0,
                "ipv6_cidr_block": "",
                "protocol": "6",
                "rule_no": 120,
                "to_port": 65535
              },
              {
                "action": "allow",
                "cidr_block": "0.0.0.0/0",
                "from_port": 443,
                "icmp_code": 0,
                "icmp_type": 0,
                "ipv6_cidr_block": "",
                "protocol": "6",
                "rule_no": 100,
                "to_port": 443
              },
              {
                "action": "allow",
                "cidr_block": "0.0.0.0/0",
                "from_port": 80,
                "icmp_code": 0,
                "icmp_type": 0,
                "ipv6_cidr_block": "",
                "protocol": "6",
                "rule_no": 110,
                "to_port": 80
              }
            ],
            "owner_id": "544994275596",
            "subnet_ids": [
              "subnet-06ba766ed5c3d845e",
              "subnet-0ba5b88356dab2c0c"
            ],
            "tags": {
              "Name": "hardwarestore-nacl-public"
            },
            "tags_all": {
              "Environment": "production",
              "ManagedBy": "Terraform",
              "Name": "hardwarestore-nacl-public",
              "Project": "hardwarestore"
            },
            "vpc_id": "vpc-0c7f0747caff49e38"
          },
          "sensitive_attributes": [],
          "identity_schema_version": 0,
          "private": "bnVsbA==",
          "dependencies": [
            "module.vpc.aws_subnet.public",
            "module.vpc.aws_vpc.main"
          ]
        }
      ]
    },
    {
      "module": "module.security",
      "mode": "managed",
      "type": "aws_security_group",
      "name": "alb",
      "provider": "provider[\"registry.terraform.io/hashicorp/aws\"]",
      "instances": [
        {
          "schema_version": 1,
          "attributes": {
            "arn": "arn:aws:ec2:us-east-1:544994275596:security-group/sg-06f7534abc14ddd6a",
            "description": "ALB: allow HTTP/HTTPS inbound from internet; forward to app tier",
            "egress": [
              {
                "cidr_blocks": [
                  "0.0.0.0/0"
                ],
                "description": "Forward traffic to app tier on port 5000",
                "from_port": 5000,
                "ipv6_cidr_blocks": [],
                "prefix_list_ids": [],
                "protocol": "tcp",
                "security_groups": [],
                "self": false,
                "to_port": 5000
              }
            ],
            "id": "sg-06f7534abc14ddd6a",
            "ingress": [
              {
                "cidr_blocks": [
                  "0.0.0.0/0"
                ],
                "description": "HTTP from internet (redirected to HTTPS by listener rule)",
                "from_port": 80,
                "ipv6_cidr_blocks": [],
                "prefix_list_ids": [],
                "protocol": "tcp",
                "security_groups": [],
                "self": false,
                "to_port": 80
              },
              {
                "cidr_blocks": [
                  "0.0.0.0/0"
                ],
                "description": "HTTPS from internet",
                "from_port": 443,
                "ipv6_cidr_blocks": [],
                "prefix_list_ids": [],
                "protocol": "tcp",
                "security_groups": [],
                "self": false,
                "to_port": 443
              }
            ],
            "name": "hardwarestore-sg-alb",
            "name_prefix": "",
            "owner_id": "544994275596",
            "revoke_rules_on_delete": false,
            "tags": {
              "Name": "hardwarestore-sg-alb"
            },
            "tags_all": {
              "Environment": "production",
              "ManagedBy": "Terraform",
              "Name": "hardwarestore-sg-alb",
              "Project": "hardwarestore"
            },
            "timeouts": null,
            "vpc_id": "vpc-0c7f0747caff49e38"
          },
          "sensitive_attributes": [],
          "identity_schema_version": 0,
          "private": "eyJlMmJmYjczMC1lY2FhLTExZTYtOGY4OC0zNDM2M2JjN2M0YzAiOnsiY3JlYXRlIjo2MDAwMDAwMDAwMDAsImRlbGV0ZSI6OTAwMDAwMDAwMDAwfSwic2NoZW1hX3ZlcnNpb24iOiIxIn0=",
          "dependencies": [
            "module.vpc.aws_vpc.main"
          ],
          "create_before_destroy": true
        }
      ]
    },
    {
      "module": "module.security",
      "mode": "managed",
      "type": "aws_security_group",
      "name": "app",
      "provider": "provider[\"registry.terraform.io/hashicorp/aws\"]",
      "instances": [
        {
          "schema_version": 1,
          "attributes": {
            "arn": "arn:aws:ec2:us-east-1:544994275596:security-group/sg-009d0d52702f45a10",
            "description": "App tier: allow port 5000 from ALB only; DB and AWS API egress",
            "egress": [
              {
                "cidr_blocks": [
                  "0.0.0.0/0"
                ],
                "description": "HTTPS outbound for AWS API calls (Secrets Manager, CloudWatch, SSM)",
                "from_port": 443,
                "ipv6_cidr_blocks": [],
                "prefix_list_ids": [],
                "protocol": "tcp",
                "security_groups": [],
                "self": false,
                "to_port": 443
              }
            ],
            "id": "sg-009d0d52702f45a10",
            "ingress": [
              {
                "cidr_blocks": [],
                "description": "Flask app port - from ALB only (least-privilege ingress)",
                "from_port": 5000,
                "ipv6_cidr_blocks": [],
                "prefix_list_ids": [],
                "protocol": "tcp",
                "security_groups": [
                  "sg-06f7534abc14ddd6a"
                ],
                "self": false,
                "to_port": 5000
              }
            ],
            "name": "hardwarestore-sg-app",
            "name_prefix": "",
            "owner_id": "544994275596",
            "revoke_rules_on_delete": false,
            "tags": {
              "Name": "hardwarestore-sg-app"
            },
            "tags_all": {
              "Environment": "production",
              "ManagedBy": "Terraform",
              "Name": "hardwarestore-sg-app",
              "Project": "hardwarestore"
            },
            "timeouts": null,
            "vpc_id": "vpc-0c7f0747caff49e38"
          },
          "sensitive_attributes": [],
          "identity_schema_version": 0,
          "private": "eyJlMmJmYjczMC1lY2FhLTExZTYtOGY4OC0zNDM2M2JjN2M0YzAiOnsiY3JlYXRlIjo2MDAwMDAwMDAwMDAsImRlbGV0ZSI6OTAwMDAwMDAwMDAwfSwic2NoZW1hX3ZlcnNpb24iOiIxIn0=",
          "dependencies": [
            "module.security.aws_security_group.alb",
            "module.vpc.aws_vpc.main"
          ],
          "create_before_destroy": true
        }
      ]
    },
    {
      "module": "module.security",
      "mode": "managed",
      "type": "aws_security_group",
      "name": "db",
      "provider": "provider[\"registry.terraform.io/hashicorp/aws\"]",
      "instances": [
        {
          "schema_version": 1,
          "attributes": {
            "arn": "arn:aws:ec2:us-east-1:544994275596:security-group/sg-0ea1759c2d858970d",
            "description": "DB tier: allow PostgreSQL (5432) from app tier only; no egress",
            "egress": [],
            "id": "sg-0ea1759c2d858970d",
            "ingress": [
              {
                "cidr_blocks": [],
                "description": "PostgreSQL from app tier only (Risk 1 + Risk 2 mitigation)",
                "from_port": 5432,
                "ipv6_cidr_blocks": [],
                "prefix_list_ids": [],
                "protocol": "tcp",
                "security_groups": [
                  "sg-009d0d52702f45a10"
                ],
                "self": false,
                "to_port": 5432
              }
            ],
            "name": "hardwarestore-sg-db",
            "name_prefix": "",
            "owner_id": "544994275596",
            "revoke_rules_on_delete": false,
            "tags": {
              "Name": "hardwarestore-sg-db"
            },
            "tags_all": {
              "Environment": "production",
              "ManagedBy": "Terraform",
              "Name": "hardwarestore-sg-db",
              "Project": "hardwarestore"
            },
            "timeouts": null,
            "vpc_id": "vpc-0c7f0747caff49e38"
          },
          "sensitive_attributes": [],
          "identity_schema_version": 0,
          "private": "eyJlMmJmYjczMC1lY2FhLTExZTYtOGY4OC0zNDM2M2JjN2M0YzAiOnsiY3JlYXRlIjo2MDAwMDAwMDAwMDAsImRlbGV0ZSI6OTAwMDAwMDAwMDAwfSwic2NoZW1hX3ZlcnNpb24iOiIxIn0=",
          "dependencies": [
            "module.vpc.aws_vpc.main"
          ],
          "create_before_destroy": true
        }
      ]
    },
    {
      "module": "module.security",
      "mode": "managed",
      "type": "aws_security_group_rule",
      "name": "app_to_db_egress",
      "provider": "provider[\"registry.terraform.io/hashicorp/aws\"]",
      "instances": [
        {
          "schema_version": 2,
          "attributes": {
            "cidr_blocks": null,
            "description": "PostgreSQL to DB tier only",
            "from_port": 5432,
            "id": "sgrule-1897340509",
            "ipv6_cidr_blocks": null,
            "prefix_list_ids": null,
            "protocol": "tcp",
            "security_group_id": "sg-009d0d52702f45a10",
            "security_group_rule_id": "sgr-00a41ea9cb3a80569",
            "self": false,
            "source_security_group_id": "sg-0ea1759c2d858970d",
            "timeouts": null,
            "to_port": 5432,
            "type": "egress"
          },
          "sensitive_attributes": [],
          "identity_schema_version": 0,
          "private": "eyJlMmJmYjczMC1lY2FhLTExZTYtOGY4OC0zNDM2M2JjN2M0YzAiOnsiY3JlYXRlIjozMDAwMDAwMDAwMDB9LCJzY2hlbWFfdmVyc2lvbiI6IjIifQ==",
          "dependencies": [
            "module.security.aws_security_group.alb",
            "module.security.aws_security_group.app",
            "module.security.aws_security_group.db",
            "module.vpc.aws_vpc.main"
          ]
        }
      ]
    },
    {
      "module": "module.security",
      "mode": "managed",
      "type": "aws_security_group_rule",
      "name": "db_from_app_ingress",
      "provider": "provider[\"registry.terraform.io/hashicorp/aws\"]",
      "instances": [
        {
          "schema_version": 2,
          "attributes": {
            "cidr_blocks": null,
            "description": "PostgreSQL from app tier only (Risk 1 + Risk 2 mitigation)",
            "from_port": 5432,
            "id": "sgrule-1877913706",
            "ipv6_cidr_blocks": null,
            "prefix_list_ids": null,
            "protocol": "tcp",
            "security_group_id": "sg-0ea1759c2d858970d",
            "security_group_rule_id": "sgr-0967e260ed5c12826",
            "self": false,
            "source_security_group_id": "sg-009d0d52702f45a10",
            "timeouts": null,
            "to_port": 5432,
            "type": "ingress"
          },
          "sensitive_attributes": [],
          "identity_schema_version": 0,
          "private": "eyJlMmJmYjczMC1lY2FhLTExZTYtOGY4OC0zNDM2M2JjN2M0YzAiOnsiY3JlYXRlIjozMDAwMDAwMDAwMDB9LCJzY2hlbWFfdmVyc2lvbiI6IjIifQ==",
          "dependencies": [
            "module.security.aws_security_group.alb",
            "module.security.aws_security_group.app",
            "module.security.aws_security_group.db",
            "module.vpc.aws_vpc.main"
          ]
        }
      ]
    },
    {
      "module": "module.storage",
      "mode": "data",
      "type": "aws_elb_service_account",
      "name": "main",
      "provider": "provider[\"registry.terraform.io/hashicorp/aws\"]",
      "instances": [
        {
          "schema_version": 0,
          "attributes": {
            "arn": "arn:aws:iam::127311923021:root",
            "id": "127311923021",
            "region": null
          },
          "sensitive_attributes": [],
          "identity_schema_version": 0
        }
      ]
    },
    {
      "module": "module.storage",
      "mode": "managed",
      "type": "aws_cloudtrail",
      "name": "main",
      "provider": "provider[\"registry.terraform.io/hashicorp/aws\"]",
      "instances": [
        {
          "schema_version": 1,
          "attributes": {
            "advanced_event_selector": [],
            "arn": "arn:aws:cloudtrail:us-east-1:544994275596:trail/hardwarestore-trail",
            "cloud_watch_logs_group_arn": "",
            "cloud_watch_logs_role_arn": "",
            "enable_log_file_validation": true,
            "enable_logging": true,
            "event_selector": [],
            "home_region": "us-east-1",
            "id": "arn:aws:cloudtrail:us-east-1:544994275596:trail/hardwarestore-trail",
            "include_global_service_events": true,
            "insight_selector": [],
            "is_multi_region_trail": true,
            "is_organization_trail": false,
            "kms_key_id": "",
            "name": "hardwarestore-trail",
            "s3_bucket_name": "hardwarestore-cloudtrail-7d64966f",
            "s3_key_prefix": "",
            "sns_topic_arn": "",
            "sns_topic_name": "",
            "tags": {
              "Name": "hardwarestore-trail"
            },
            "tags_all": {
              "Environment": "production",
              "ManagedBy": "Terraform",
              "Name": "hardwarestore-trail",
              "Project": "hardwarestore"
            }
          },
          "sensitive_attributes": [],
          "identity_schema_version": 0,
          "private": "eyJzY2hlbWFfdmVyc2lvbiI6IjEifQ==",
          "dependencies": [
            "data.aws_caller_identity.current",
            "module.storage.aws_s3_bucket.cloudtrail",
            "module.storage.aws_s3_bucket_policy.cloudtrail",
            "module.storage.aws_s3_bucket_public_access_block.cloudtrail",
            "module.storage.random_id.bucket_suffix"
          ],
          "create_before_destroy": true
        }
      ]
    },
    {
      "module": "module.storage",
      "mode": "managed",
      "type": "aws_s3_bucket",
      "name": "alb_logs",
      "provider": "provider[\"registry.terraform.io/hashicorp/aws\"]",
      "instances": [
        {
          "schema_version": 0,
          "attributes": {
            "acceleration_status": "",
            "acl": null,
            "arn": "arn:aws:s3:::hardwarestore-alb-logs-7d64966f",
            "bucket": "hardwarestore-alb-logs-7d64966f",
            "bucket_domain_name": "hardwarestore-alb-logs-7d64966f.s3.amazonaws.com",
            "bucket_prefix": "",
            "bucket_regional_domain_name": "hardwarestore-alb-logs-7d64966f.s3.us-east-1.amazonaws.com",
            "cors_rule": [],
            "force_destroy": true,
            "grant": [
              {
                "id": "d7897853c39ce5ce1f3f21e37f260a38020eb2fafadc893fd10a807bbb9cd64d",
                "permissions": [
                  "FULL_CONTROL"
                ],
                "type": "CanonicalUser",
                "uri": ""
              }
            ],
            "hosted_zone_id": "Z3AQBSTGFYJSTF",
            "id": "hardwarestore-alb-logs-7d64966f",
            "lifecycle_rule": [
              {
                "abort_incomplete_multipart_upload_days": 0,
                "enabled": true,
                "expiration": [
                  {
                    "date": "",
                    "days": 90,
                    "expired_object_delete_marker": false
                  }
                ],
                "id": "expire-alb-logs",
                "noncurrent_version_expiration": [],
                "noncurrent_version_transition": [],
                "prefix": "",
                "tags": {},
                "transition": []
              }
            ],
            "logging": [],
            "object_lock_configuration": [],
            "object_lock_enabled": false,
            "policy": "{\"Statement\":[{\"Action\":\"s3:PutObject\",\"Effect\":\"Allow\",\"Principal\":{\"AWS\":\"arn:aws:iam::127311923021:root\"},\"Resource\":\"arn:aws:s3:::hardwarestore-alb-logs-7d64966f/alb-logs/AWSLogs/*\",\"Sid\":\"AllowALBLogging\"}],\"Version\":\"2012-10-17\"}",
            "region": "us-east-1",
            "replication_configuration": [],
            "request_payer": "BucketOwner",
            "server_side_encryption_configuration": [
              {
                "rule": [
                  {
                    "apply_server_side_encryption_by_default": [
                      {
                        "kms_master_key_id": "",
                        "sse_algorithm": "AES256"
                      }
                    ],
                    "bucket_key_enabled": false
                  }
                ]
              }
            ],
            "tags": {
              "Name": "hardwarestore-alb-logs"
            },
            "tags_all": {
              "Environment": "production",
              "ManagedBy": "Terraform",
              "Name": "hardwarestore-alb-logs",
              "Project": "hardwarestore"
            },
            "timeouts": null,
            "versioning": [
              {
                "enabled": true,
                "mfa_delete": false
              }
            ],
            "website": [],
            "website_domain": null,
            "website_endpoint": null
          },
          "sensitive_attributes": [],
          "identity_schema_version": 0,
          "private": "eyJlMmJmYjczMC1lY2FhLTExZTYtOGY4OC0zNDM2M2JjN2M0YzAiOnsiY3JlYXRlIjoxMjAwMDAwMDAwMDAwLCJkZWxldGUiOjM2MDAwMDAwMDAwMDAsInJlYWQiOjEyMDAwMDAwMDAwMDAsInVwZGF0ZSI6MTIwMDAwMDAwMDAwMH19",
          "dependencies": [
            "module.storage.random_id.bucket_suffix"
          ],
          "create_before_destroy": true
        }
      ]
    },
    {
      "module": "module.storage",
      "mode": "managed",
      "type": "aws_s3_bucket",
      "name": "cloudtrail",
      "provider": "provider[\"registry.terraform.io/hashicorp/aws\"]",
      "instances": [
        {
          "schema_version": 0,
          "attributes": {
            "acceleration_status": "",
            "acl": null,
            "arn": "arn:aws:s3:::hardwarestore-cloudtrail-7d64966f",
            "bucket": "hardwarestore-cloudtrail-7d64966f",
            "bucket_domain_name": "hardwarestore-cloudtrail-7d64966f.s3.amazonaws.com",
            "bucket_prefix": "",
            "bucket_regional_domain_name": "hardwarestore-cloudtrail-7d64966f.s3.us-east-1.amazonaws.com",
            "cors_rule": [],
            "force_destroy": true,
            "grant": [
              {
                "id": "d7897853c39ce5ce1f3f21e37f260a38020eb2fafadc893fd10a807bbb9cd64d",
                "permissions": [
                  "FULL_CONTROL"
                ],
                "type": "CanonicalUser",
                "uri": ""
              }
            ],
            "hosted_zone_id": "Z3AQBSTGFYJSTF",
            "id": "hardwarestore-cloudtrail-7d64966f",
            "lifecycle_rule": [],
            "logging": [],
            "object_lock_configuration": [],
            "object_lock_enabled": false,
            "policy": "{\"Statement\":[{\"Action\":\"s3:GetBucketAcl\",\"Effect\":\"Allow\",\"Principal\":{\"Service\":\"cloudtrail.amazonaws.com\"},\"Resource\":\"arn:aws:s3:::hardwarestore-cloudtrail-7d64966f\",\"Sid\":\"AWSCloudTrailAclCheck\"},{\"Action\":\"s3:PutObject\",\"Condition\":{\"StringEquals\":{\"s3:x-amz-acl\":\"bucket-owner-full-control\"}},\"Effect\":\"Allow\",\"Principal\":{\"Service\":\"cloudtrail.amazonaws.com\"},\"Resource\":\"arn:aws:s3:::hardwarestore-cloudtrail-7d64966f/AWSLogs/544994275596/*\",\"Sid\":\"AWSCloudTrailWrite\"}],\"Version\":\"2012-10-17\"}",
            "region": "us-east-1",
            "replication_configuration": [],
            "request_payer": "BucketOwner",
            "server_side_encryption_configuration": [
              {
                "rule": [
                  {
                    "apply_server_side_encryption_by_default": [
                      {
                        "kms_master_key_id": "",
                        "sse_algorithm": "AES256"
                      }
                    ],
                    "bucket_key_enabled": false
                  }
                ]
              }
            ],
            "tags": {
              "Name": "hardwarestore-cloudtrail"
            },
            "tags_all": {
              "Environment": "production",
              "ManagedBy": "Terraform",
              "Name": "hardwarestore-cloudtrail",
              "Project": "hardwarestore"
            },
            "timeouts": null,
            "versioning": [
              {
                "enabled": true,
                "mfa_delete": false
              }
            ],
            "website": [],
            "website_domain": null,
            "website_endpoint": null
          },
          "sensitive_attributes": [],
          "identity_schema_version": 0,
          "private": "eyJlMmJmYjczMC1lY2FhLTExZTYtOGY4OC0zNDM2M2JjN2M0YzAiOnsiY3JlYXRlIjoxMjAwMDAwMDAwMDAwLCJkZWxldGUiOjM2MDAwMDAwMDAwMDAsInJlYWQiOjEyMDAwMDAwMDAwMDAsInVwZGF0ZSI6MTIwMDAwMDAwMDAwMH19",
          "dependencies": [
            "module.storage.random_id.bucket_suffix"
          ],
          "create_before_destroy": true
        }
      ]
    },
    {
      "module": "module.storage",
      "mode": "managed",
      "type": "aws_s3_bucket_lifecycle_configuration",
      "name": "alb_logs",
      "provider": "provider[\"registry.terraform.io/hashicorp/aws\"]",
      "instances": [
        {
          "schema_version": 1,
          "attributes": {
            "bucket": "hardwarestore-alb-logs-7d64966f",
            "expected_bucket_owner": "",
            "id": "hardwarestore-alb-logs-7d64966f",
            "rule": [
              {
                "abort_incomplete_multipart_upload": [],
                "expiration": [
                  {
                    "date": null,
                    "days": 90,
                    "expired_object_delete_marker": false
                  }
                ],
                "filter": [
                  {
                    "and": [],
                    "object_size_greater_than": null,
                    "object_size_less_than": null,
                    "prefix": "",
                    "tag": []
                  }
                ],
                "id": "expire-alb-logs",
                "noncurrent_version_expiration": [],
                "noncurrent_version_transition": [],
                "prefix": "",
                "status": "Enabled",
                "transition": []
              }
            ],
            "timeouts": null,
            "transition_default_minimum_object_size": "all_storage_classes_128K"
          },
          "sensitive_attributes": [],
          "identity_schema_version": 0,
          "dependencies": [
            "module.storage.aws_s3_bucket.alb_logs",
            "module.storage.random_id.bucket_suffix"
          ],
          "create_before_destroy": true
        }
      ]
    },
    {
      "module": "module.storage",
      "mode": "managed",
      "type": "aws_s3_bucket_policy",
      "name": "alb_logs",
      "provider": "provider[\"registry.terraform.io/hashicorp/aws\"]",
      "instances": [
        {
          "schema_version": 0,
          "attributes": {
            "bucket": "hardwarestore-alb-logs-7d64966f",
            "id": "hardwarestore-alb-logs-7d64966f",
            "policy": "{\"Statement\":[{\"Action\":\"s3:PutObject\",\"Effect\":\"Allow\",\"Principal\":{\"AWS\":\"arn:aws:iam::127311923021:root\"},\"Resource\":\"arn:aws:s3:::hardwarestore-alb-logs-7d64966f/alb-logs/AWSLogs/*\",\"Sid\":\"AllowALBLogging\"}],\"Version\":\"2012-10-17\"}"
          },
          "sensitive_attributes": [],
          "identity_schema_version": 0,
          "private": "bnVsbA==",
          "dependencies": [
            "module.storage.aws_s3_bucket.alb_logs",
            "module.storage.data.aws_elb_service_account.main",
            "module.storage.random_id.bucket_suffix"
          ],
          "create_before_destroy": true
        }
      ]
    },
    {
      "module": "module.storage",
      "mode": "managed",
      "type": "aws_s3_bucket_policy",
      "name": "cloudtrail",
      "provider": "provider[\"registry.terraform.io/hashicorp/aws\"]",
      "instances": [
        {
          "schema_version": 0,
          "attributes": {
            "bucket": "hardwarestore-cloudtrail-7d64966f",
            "id": "hardwarestore-cloudtrail-7d64966f",
            "policy": "{\"Statement\":[{\"Action\":\"s3:GetBucketAcl\",\"Effect\":\"Allow\",\"Principal\":{\"Service\":\"cloudtrail.amazonaws.com\"},\"Resource\":\"arn:aws:s3:::hardwarestore-cloudtrail-7d64966f\",\"Sid\":\"AWSCloudTrailAclCheck\"},{\"Action\":\"s3:PutObject\",\"Condition\":{\"StringEquals\":{\"s3:x-amz-acl\":\"bucket-owner-full-control\"}},\"Effect\":\"Allow\",\"Principal\":{\"Service\":\"cloudtrail.amazonaws.com\"},\"Resource\":\"arn:aws:s3:::hardwarestore-cloudtrail-7d64966f/AWSLogs/544994275596/*\",\"Sid\":\"AWSCloudTrailWrite\"}],\"Version\":\"2012-10-17\"}"
          },
          "sensitive_attributes": [],
          "identity_schema_version": 0,
          "private": "bnVsbA==",
          "dependencies": [
            "data.aws_caller_identity.current",
            "module.storage.aws_s3_bucket.cloudtrail",
            "module.storage.aws_s3_bucket_public_access_block.cloudtrail",
            "module.storage.random_id.bucket_suffix"
          ],
          "create_before_destroy": true
        }
      ]
    },
    {
      "module": "module.storage",
      "mode": "managed",
      "type": "aws_s3_bucket_public_access_block",
      "name": "alb_logs",
      "provider": "provider[\"registry.terraform.io/hashicorp/aws\"]",
      "instances": [
        {
          "schema_version": 0,
          "attributes": {
            "block_public_acls": true,
            "block_public_policy": true,
            "bucket": "hardwarestore-alb-logs-7d64966f",
            "id": "hardwarestore-alb-logs-7d64966f",
            "ignore_public_acls": true,
            "restrict_public_buckets": true
          },
          "sensitive_attributes": [],
          "identity_schema_version": 0,
          "private": "bnVsbA==",
          "dependencies": [
            "module.storage.aws_s3_bucket.alb_logs",
            "module.storage.random_id.bucket_suffix"
          ],
          "create_before_destroy": true
        }
      ]
    },
    {
      "module": "module.storage",
      "mode": "managed",
      "type": "aws_s3_bucket_public_access_block",
      "name": "cloudtrail",
      "provider": "provider[\"registry.terraform.io/hashicorp/aws\"]",
      "instances": [
        {
          "schema_version": 0,
          "attributes": {
            "block_public_acls": true,
            "block_public_policy": true,
            "bucket": "hardwarestore-cloudtrail-7d64966f",
            "id": "hardwarestore-cloudtrail-7d64966f",
            "ignore_public_acls": true,
            "restrict_public_buckets": true
          },
          "sensitive_attributes": [],
          "identity_schema_version": 0,
          "private": "bnVsbA==",
          "dependencies": [
            "module.storage.aws_s3_bucket.cloudtrail",
            "module.storage.random_id.bucket_suffix"
          ],
          "create_before_destroy": true
        }
      ]
    },
    {
      "module": "module.storage",
      "mode": "managed",
      "type": "aws_s3_bucket_server_side_encryption_configuration",
      "name": "alb_logs",
      "provider": "provider[\"registry.terraform.io/hashicorp/aws\"]",
      "instances": [
        {
          "schema_version": 0,
          "attributes": {
            "bucket": "hardwarestore-alb-logs-7d64966f",
            "expected_bucket_owner": "",
            "id": "hardwarestore-alb-logs-7d64966f",
            "rule": [
              {
                "apply_server_side_encryption_by_default": [
                  {
                    "kms_master_key_id": "",
                    "sse_algorithm": "AES256"
                  }
                ],
                "bucket_key_enabled": false
              }
            ]
          },
          "sensitive_attributes": [],
          "identity_schema_version": 0,
          "private": "bnVsbA==",
          "dependencies": [
            "module.storage.aws_s3_bucket.alb_logs",
            "module.storage.random_id.bucket_suffix"
          ],
          "create_before_destroy": true
        }
      ]
    },
    {
      "module": "module.storage",
      "mode": "managed",
      "type": "aws_s3_bucket_server_side_encryption_configuration",
      "name": "cloudtrail",
      "provider": "provider[\"registry.terraform.io/hashicorp/aws\"]",
      "instances": [
        {
          "schema_version": 0,
          "attributes": {
            "bucket": "hardwarestore-cloudtrail-7d64966f",
            "expected_bucket_owner": "",
            "id": "hardwarestore-cloudtrail-7d64966f",
            "rule": [
              {
                "apply_server_side_encryption_by_default": [
                  {
                    "kms_master_key_id": "",
                    "sse_algorithm": "AES256"
                  }
                ],
                "bucket_key_enabled": false
              }
            ]
          },
          "sensitive_attributes": [],
          "identity_schema_version": 0,
          "private": "bnVsbA==",
          "dependencies": [
            "module.storage.aws_s3_bucket.cloudtrail",
            "module.storage.random_id.bucket_suffix"
          ],
          "create_before_destroy": true
        }
      ]
    },
    {
      "module": "module.storage",
      "mode": "managed",
      "type": "aws_s3_bucket_versioning",
      "name": "alb_logs",
      "provider": "provider[\"registry.terraform.io/hashicorp/aws\"]",
      "instances": [
        {
          "schema_version": 0,
          "attributes": {
            "bucket": "hardwarestore-alb-logs-7d64966f",
            "expected_bucket_owner": "",
            "id": "hardwarestore-alb-logs-7d64966f",
            "mfa": null,
            "versioning_configuration": [
              {
                "mfa_delete": "",
                "status": "Enabled"
              }
            ]
          },
          "sensitive_attributes": [],
          "identity_schema_version": 0,
          "private": "bnVsbA==",
          "dependencies": [
            "module.storage.aws_s3_bucket.alb_logs",
            "module.storage.random_id.bucket_suffix"
          ],
          "create_before_destroy": true
        }
      ]
    },
    {
      "module": "module.storage",
      "mode": "managed",
      "type": "aws_s3_bucket_versioning",
      "name": "cloudtrail",
      "provider": "provider[\"registry.terraform.io/hashicorp/aws\"]",
      "instances": [
        {
          "schema_version": 0,
          "attributes": {
            "bucket": "hardwarestore-cloudtrail-7d64966f",
            "expected_bucket_owner": "",
            "id": "hardwarestore-cloudtrail-7d64966f",
            "mfa": null,
            "versioning_configuration": [
              {
                "mfa_delete": "",
                "status": "Enabled"
              }
            ]
          },
          "sensitive_attributes": [],
          "identity_schema_version": 0,
          "private": "bnVsbA==",
          "dependencies": [
            "module.storage.aws_s3_bucket.cloudtrail",
            "module.storage.random_id.bucket_suffix"
          ],
          "create_before_destroy": true
        }
      ]
    },
    {
      "module": "module.storage",
      "mode": "managed",
      "type": "random_id",
      "name": "bucket_suffix",
      "provider": "provider[\"registry.terraform.io/hashicorp/random\"]",
      "instances": [
        {
          "schema_version": 0,
          "attributes": {
            "b64_std": "fWSWbw==",
            "b64_url": "fWSWbw",
            "byte_length": 4,
            "dec": "2103744111",
            "hex": "7d64966f",
            "id": "fWSWbw",
            "keepers": null,
            "prefix": null
          },
          "sensitive_attributes": [],
          "identity_schema_version": 0,
          "create_before_destroy": true
        }
      ]
    },
    {
      "module": "module.vpc",
      "mode": "managed",
      "type": "aws_eip",
      "name": "nat",
      "provider": "provider[\"registry.terraform.io/hashicorp/aws\"]",
      "instances": [
        {
          "schema_version": 0,
          "attributes": {
            "address": null,
            "allocation_id": "eipalloc-00569f747644d0a72",
            "arn": "arn:aws:ec2:us-east-1:544994275596:elastic-ip/eipalloc-00569f747644d0a72",
            "associate_with_private_ip": null,
            "association_id": "eipassoc-09b18361acf2fa490",
            "carrier_ip": "",
            "customer_owned_ip": "",
            "customer_owned_ipv4_pool": "",
            "domain": "vpc",
            "id": "eipalloc-00569f747644d0a72",
            "instance": "",
            "ipam_pool_id": null,
            "network_border_group": "us-east-1",
            "network_interface": "eni-068c33712d67312f8",
            "private_dns": "ip-10-0-1-40.ec2.internal",
            "private_ip": "10.0.1.40",
            "ptr_record": "",
            "public_dns": "ec2-98-95-232-139.compute-1.amazonaws.com",
            "public_ip": "98.95.232.139",
            "public_ipv4_pool": "amazon",
            "tags": {
              "Name": "hardwarestore-nat-eip"
            },
            "tags_all": {
              "Environment": "production",
              "ManagedBy": "Terraform",
              "Name": "hardwarestore-nat-eip",
              "Project": "hardwarestore"
            },
            "timeouts": null,
            "vpc": true
          },
          "sensitive_attributes": [],
          "identity_schema_version": 0,
          "private": "eyJlMmJmYjczMC1lY2FhLTExZTYtOGY4OC0zNDM2M2JjN2M0YzAiOnsiZGVsZXRlIjoxODAwMDAwMDAwMDAsInJlYWQiOjkwMDAwMDAwMDAwMCwidXBkYXRlIjozMDAwMDAwMDAwMDB9fQ=="
        }
      ]
    },
    {
      "module": "module.vpc",
      "mode": "managed",
      "type": "aws_internet_gateway",
      "name": "main",
      "provider": "provider[\"registry.terraform.io/hashicorp/aws\"]",
      "instances": [
        {
          "schema_version": 0,
          "attributes": {
            "arn": "arn:aws:ec2:us-east-1:544994275596:internet-gateway/igw-0a087e0aef0659e88",
            "id": "igw-0a087e0aef0659e88",
            "owner_id": "544994275596",
            "tags": {
              "Name": "hardwarestore-igw"
            },
            "tags_all": {
              "Environment": "production",
              "ManagedBy": "Terraform",
              "Name": "hardwarestore-igw",
              "Project": "hardwarestore"
            },
            "timeouts": null,
            "vpc_id": "vpc-0c7f0747caff49e38"
          },
          "sensitive_attributes": [],
          "identity_schema_version": 0,
          "private": "eyJlMmJmYjczMC1lY2FhLTExZTYtOGY4OC0zNDM2M2JjN2M0YzAiOnsiY3JlYXRlIjoxMjAwMDAwMDAwMDAwLCJkZWxldGUiOjEyMDAwMDAwMDAwMDAsInVwZGF0ZSI6MTIwMDAwMDAwMDAwMH19",
          "dependencies": [
            "module.vpc.aws_vpc.main"
          ]
        }
      ]
    },
    {
      "module": "module.vpc",
      "mode": "managed",
      "type": "aws_nat_gateway",
      "name": "main",
      "provider": "provider[\"registry.terraform.io/hashicorp/aws\"]",
      "instances": [
        {
          "schema_version": 0,
          "attributes": {
            "allocation_id": "eipalloc-00569f747644d0a72",
            "association_id": "eipassoc-09b18361acf2fa490",
            "connectivity_type": "public",
            "id": "nat-0f65ae6a9847a5631",
            "network_interface_id": "eni-068c33712d67312f8",
            "private_ip": "10.0.1.40",
            "public_ip": "98.95.232.139",
            "secondary_allocation_ids": [],
            "secondary_private_ip_address_count": 0,
            "secondary_private_ip_addresses": [],
            "subnet_id": "subnet-06ba766ed5c3d845e",
            "tags": {
              "Name": "hardwarestore-nat"
            },
            "tags_all": {
              "Environment": "production",
              "ManagedBy": "Terraform",
              "Name": "hardwarestore-nat",
              "Project": "hardwarestore"
            },
            "timeouts": null
          },
          "sensitive_attributes": [],
          "identity_schema_version": 0,
          "private": "eyJlMmJmYjczMC1lY2FhLTExZTYtOGY4OC0zNDM2M2JjN2M0YzAiOnsiY3JlYXRlIjo2MDAwMDAwMDAwMDAsImRlbGV0ZSI6MTgwMDAwMDAwMDAwMCwidXBkYXRlIjo2MDAwMDAwMDAwMDB9fQ==",
          "dependencies": [
            "module.vpc.aws_eip.nat",
            "module.vpc.aws_internet_gateway.main",
            "module.vpc.aws_subnet.public",
            "module.vpc.aws_vpc.main"
          ]
        }
      ]
    },
    {
      "module": "module.vpc",
      "mode": "managed",
      "type": "aws_route_table",
      "name": "app",
      "provider": "provider[\"registry.terraform.io/hashicorp/aws\"]",
      "instances": [
        {
          "schema_version": 0,
          "attributes": {
            "arn": "arn:aws:ec2:us-east-1:544994275596:route-table/rtb-0c532c4f164780015",
            "id": "rtb-0c532c4f164780015",
            "owner_id": "544994275596",
            "propagating_vgws": [],
            "route": [
              {
                "carrier_gateway_id": "",
                "cidr_block": "0.0.0.0/0",
                "core_network_arn": "",
                "destination_prefix_list_id": "",
                "egress_only_gateway_id": "",
                "gateway_id": "",
                "ipv6_cidr_block": "",
                "local_gateway_id": "",
                "nat_gateway_id": "nat-0f65ae6a9847a5631",
                "network_interface_id": "",
                "transit_gateway_id": "",
                "vpc_endpoint_id": "",
                "vpc_peering_connection_id": ""
              }
            ],
            "tags": {
              "Name": "hardwarestore-rt-app"
            },
            "tags_all": {
              "Environment": "production",
              "ManagedBy": "Terraform",
              "Name": "hardwarestore-rt-app",
              "Project": "hardwarestore"
            },
            "timeouts": null,
            "vpc_id": "vpc-0c7f0747caff49e38"
          },
          "sensitive_attributes": [],
          "identity_schema_version": 0,
          "private": "eyJlMmJmYjczMC1lY2FhLTExZTYtOGY4OC0zNDM2M2JjN2M0YzAiOnsiY3JlYXRlIjozMDAwMDAwMDAwMDAsImRlbGV0ZSI6MzAwMDAwMDAwMDAwLCJ1cGRhdGUiOjEyMDAwMDAwMDAwMH19",
          "dependencies": [
            "module.vpc.aws_eip.nat",
            "module.vpc.aws_internet_gateway.main",
            "module.vpc.aws_nat_gateway.main",
            "module.vpc.aws_subnet.public",
            "module.vpc.aws_vpc.main"
          ]
        }
      ]
    },
    {
      "module": "module.vpc",
      "mode": "managed",
      "type": "aws_route_table",
      "name": "db",
      "provider": "provider[\"registry.terraform.io/hashicorp/aws\"]",
      "instances": [
        {
          "schema_version": 0,
          "attributes": {
            "arn": "arn:aws:ec2:us-east-1:544994275596:route-table/rtb-0293e9cd71a64820f",
            "id": "rtb-0293e9cd71a64820f",
            "owner_id": "544994275596",
            "propagating_vgws": [],
            "route": [],
            "tags": {
              "Name": "hardwarestore-rt-db"
            },
            "tags_all": {
              "Environment": "production",
              "ManagedBy": "Terraform",
              "Name": "hardwarestore-rt-db",
              "Project": "hardwarestore"
            },
            "timeouts": null,
            "vpc_id": "vpc-0c7f0747caff49e38"
          },
          "sensitive_attributes": [],
          "identity_schema_version": 0,
          "private": "eyJlMmJmYjczMC1lY2FhLTExZTYtOGY4OC0zNDM2M2JjN2M0YzAiOnsiY3JlYXRlIjozMDAwMDAwMDAwMDAsImRlbGV0ZSI6MzAwMDAwMDAwMDAwLCJ1cGRhdGUiOjEyMDAwMDAwMDAwMH19",
          "dependencies": [
            "module.vpc.aws_vpc.main"
          ]
        }
      ]
    },
    {
      "module": "module.vpc",
      "mode": "managed",
      "type": "aws_route_table",
      "name": "public",
      "provider": "provider[\"registry.terraform.io/hashicorp/aws\"]",
      "instances": [
        {
          "schema_version": 0,
          "attributes": {
            "arn": "arn:aws:ec2:us-east-1:544994275596:route-table/rtb-09c9011916dcbb585",
            "id": "rtb-09c9011916dcbb585",
            "owner_id": "544994275596",
            "propagating_vgws": [],
            "route": [
              {
                "carrier_gateway_id": "",
                "cidr_block": "0.0.0.0/0",
                "core_network_arn": "",
                "destination_prefix_list_id": "",
                "egress_only_gateway_id": "",
                "gateway_id": "igw-0a087e0aef0659e88",
                "ipv6_cidr_block": "",
                "local_gateway_id": "",
                "nat_gateway_id": "",
                "network_interface_id": "",
                "transit_gateway_id": "",
                "vpc_endpoint_id": "",
                "vpc_peering_connection_id": ""
              }
            ],
            "tags": {
              "Name": "hardwarestore-rt-public"
            },
            "tags_all": {
              "Environment": "production",
              "ManagedBy": "Terraform",
              "Name": "hardwarestore-rt-public",
              "Project": "hardwarestore"
            },
            "timeouts": null,
            "vpc_id": "vpc-0c7f0747caff49e38"
          },
          "sensitive_attributes": [],
          "identity_schema_version": 0,
          "private": "eyJlMmJmYjczMC1lY2FhLTExZTYtOGY4OC0zNDM2M2JjN2M0YzAiOnsiY3JlYXRlIjozMDAwMDAwMDAwMDAsImRlbGV0ZSI6MzAwMDAwMDAwMDAwLCJ1cGRhdGUiOjEyMDAwMDAwMDAwMH19",
          "dependencies": [
            "module.vpc.aws_internet_gateway.main",
            "module.vpc.aws_vpc.main"
          ]
        }
      ]
    },
    {
      "module": "module.vpc",
      "mode": "managed",
      "type": "aws_route_table_association",
      "name": "app",
      "provider": "provider[\"registry.terraform.io/hashicorp/aws\"]",
      "instances": [
        {
          "index_key": 0,
          "schema_version": 0,
          "attributes": {
            "gateway_id": "",
            "id": "rtbassoc-08afd2b09527c4517",
            "route_table_id": "rtb-0c532c4f164780015",
            "subnet_id": "subnet-0067b2774c354e9d8",
            "timeouts": null
          },
          "sensitive_attributes": [],
          "identity_schema_version": 0,
          "private": "eyJlMmJmYjczMC1lY2FhLTExZTYtOGY4OC0zNDM2M2JjN2M0YzAiOnsiY3JlYXRlIjozMDAwMDAwMDAwMDAsImRlbGV0ZSI6MzAwMDAwMDAwMDAwLCJ1cGRhdGUiOjEyMDAwMDAwMDAwMH19",
          "dependencies": [
            "module.vpc.aws_eip.nat",
            "module.vpc.aws_internet_gateway.main",
            "module.vpc.aws_nat_gateway.main",
            "module.vpc.aws_route_table.app",
            "module.vpc.aws_subnet.app",
            "module.vpc.aws_subnet.public",
            "module.vpc.aws_vpc.main"
          ]
        },
        {
          "index_key": 1,
          "schema_version": 0,
          "attributes": {
            "gateway_id": "",
            "id": "rtbassoc-0309a659e8b410479",
            "route_table_id": "rtb-0c532c4f164780015",
            "subnet_id": "subnet-06a72acaaf0acf654",
            "timeouts": null
          },
          "sensitive_attributes": [],
          "identity_schema_version": 0,
          "private": "eyJlMmJmYjczMC1lY2FhLTExZTYtOGY4OC0zNDM2M2JjN2M0YzAiOnsiY3JlYXRlIjozMDAwMDAwMDAwMDAsImRlbGV0ZSI6MzAwMDAwMDAwMDAwLCJ1cGRhdGUiOjEyMDAwMDAwMDAwMH19",
          "dependencies": [
            "module.vpc.aws_eip.nat",
            "module.vpc.aws_internet_gateway.main",
            "module.vpc.aws_nat_gateway.main",
            "module.vpc.aws_route_table.app",
            "module.vpc.aws_subnet.app",
            "module.vpc.aws_subnet.public",
            "module.vpc.aws_vpc.main"
          ]
        }
      ]
    },
    {
      "module": "module.vpc",
      "mode": "managed",
      "type": "aws_route_table_association",
      "name": "db",
      "provider": "provider[\"registry.terraform.io/hashicorp/aws\"]",
      "instances": [
        {
          "index_key": 0,
          "schema_version": 0,
          "attributes": {
            "gateway_id": "",
            "id": "rtbassoc-041a2db32a985549a",
            "route_table_id": "rtb-0293e9cd71a64820f",
            "subnet_id": "subnet-0568c832624de7640",
            "timeouts": null
          },
          "sensitive_attributes": [],
          "identity_schema_version": 0,
          "private": "eyJlMmJmYjczMC1lY2FhLTExZTYtOGY4OC0zNDM2M2JjN2M0YzAiOnsiY3JlYXRlIjozMDAwMDAwMDAwMDAsImRlbGV0ZSI6MzAwMDAwMDAwMDAwLCJ1cGRhdGUiOjEyMDAwMDAwMDAwMH19",
          "dependencies": [
            "module.vpc.aws_route_table.db",
            "module.vpc.aws_subnet.db",
            "module.vpc.aws_vpc.main"
          ]
        },
        {
          "index_key": 1,
          "schema_version": 0,
          "attributes": {
            "gateway_id": "",
            "id": "rtbassoc-079ef4b7c651e8286",
            "route_table_id": "rtb-0293e9cd71a64820f",
            "subnet_id": "subnet-0dc7dd571d56d311f",
            "timeouts": null
          },
          "sensitive_attributes": [],
          "identity_schema_version": 0,
          "private": "eyJlMmJmYjczMC1lY2FhLTExZTYtOGY4OC0zNDM2M2JjN2M0YzAiOnsiY3JlYXRlIjozMDAwMDAwMDAwMDAsImRlbGV0ZSI6MzAwMDAwMDAwMDAwLCJ1cGRhdGUiOjEyMDAwMDAwMDAwMH19",
          "dependencies": [
            "module.vpc.aws_route_table.db",
            "module.vpc.aws_subnet.db",
            "module.vpc.aws_vpc.main"
          ]
        }
      ]
    },
    {
      "module": "module.vpc",
      "mode": "managed",
      "type": "aws_route_table_association",
      "name": "public",
      "provider": "provider[\"registry.terraform.io/hashicorp/aws\"]",
      "instances": [
        {
          "index_key": 0,
          "schema_version": 0,
          "attributes": {
            "gateway_id": "",
            "id": "rtbassoc-06c55bce8152d6cc5",
            "route_table_id": "rtb-09c9011916dcbb585",
            "subnet_id": "subnet-06ba766ed5c3d845e",
            "timeouts": null
          },
          "sensitive_attributes": [],
          "identity_schema_version": 0,
          "private": "eyJlMmJmYjczMC1lY2FhLTExZTYtOGY4OC0zNDM2M2JjN2M0YzAiOnsiY3JlYXRlIjozMDAwMDAwMDAwMDAsImRlbGV0ZSI6MzAwMDAwMDAwMDAwLCJ1cGRhdGUiOjEyMDAwMDAwMDAwMH19",
          "dependencies": [
            "module.vpc.aws_internet_gateway.main",
            "module.vpc.aws_route_table.public",
            "module.vpc.aws_subnet.public",
            "module.vpc.aws_vpc.main"
          ]
        },
        {
          "index_key": 1,
          "schema_version": 0,
          "attributes": {
            "gateway_id": "",
            "id": "rtbassoc-0fc52451b2e74e855",
            "route_table_id": "rtb-09c9011916dcbb585",
            "subnet_id": "subnet-0ba5b88356dab2c0c",
            "timeouts": null
          },
          "sensitive_attributes": [],
          "identity_schema_version": 0,
          "private": "eyJlMmJmYjczMC1lY2FhLTExZTYtOGY4OC0zNDM2M2JjN2M0YzAiOnsiY3JlYXRlIjozMDAwMDAwMDAwMDAsImRlbGV0ZSI6MzAwMDAwMDAwMDAwLCJ1cGRhdGUiOjEyMDAwMDAwMDAwMH19",
          "dependencies": [
            "module.vpc.aws_internet_gateway.main",
            "module.vpc.aws_route_table.public",
            "module.vpc.aws_subnet.public",
            "module.vpc.aws_vpc.main"
          ]
        }
      ]
    },
    {
      "module": "module.vpc",
      "mode": "managed",
      "type": "aws_subnet",
      "name": "app",
      "provider": "provider[\"registry.terraform.io/hashicorp/aws\"]",
      "instances": [
        {
          "index_key": 0,
          "schema_version": 1,
          "attributes": {
            "arn": "arn:aws:ec2:us-east-1:544994275596:subnet/subnet-0067b2774c354e9d8",
            "assign_ipv6_address_on_creation": false,
            "availability_zone": "us-east-1a",
            "availability_zone_id": "use1-az1",
            "cidr_block": "10.0.3.0/24",
            "customer_owned_ipv4_pool": "",
            "enable_dns64": false,
            "enable_lni_at_device_index": 0,
            "enable_resource_name_dns_a_record_on_launch": false,
            "enable_resource_name_dns_aaaa_record_on_launch": false,
            "id": "subnet-0067b2774c354e9d8",
            "ipv6_cidr_block": "",
            "ipv6_cidr_block_association_id": "",
            "ipv6_native": false,
            "map_customer_owned_ip_on_launch": false,
            "map_public_ip_on_launch": false,
            "outpost_arn": "",
            "owner_id": "544994275596",
            "private_dns_hostname_type_on_launch": "ip-name",
            "tags": {
              "Name": "hardwarestore-app-1"
            },
            "tags_all": {
              "Environment": "production",
              "ManagedBy": "Terraform",
              "Name": "hardwarestore-app-1",
              "Project": "hardwarestore"
            },
            "timeouts": null,
            "vpc_id": "vpc-0c7f0747caff49e38"
          },
          "sensitive_attributes": [],
          "identity_schema_version": 0,
          "private": "eyJlMmJmYjczMC1lY2FhLTExZTYtOGY4OC0zNDM2M2JjN2M0YzAiOnsiY3JlYXRlIjo2MDAwMDAwMDAwMDAsImRlbGV0ZSI6MTIwMDAwMDAwMDAwMH0sInNjaGVtYV92ZXJzaW9uIjoiMSJ9",
          "dependencies": [
            "module.vpc.aws_vpc.main"
          ],
          "create_before_destroy": true
        },
        {
          "index_key": 1,
          "schema_version": 1,
          "attributes": {
            "arn": "arn:aws:ec2:us-east-1:544994275596:subnet/subnet-06a72acaaf0acf654",
            "assign_ipv6_address_on_creation": false,
            "availability_zone": "us-east-1b",
            "availability_zone_id": "use1-az2",
            "cidr_block": "10.0.4.0/24",
            "customer_owned_ipv4_pool": "",
            "enable_dns64": false,
            "enable_lni_at_device_index": 0,
            "enable_resource_name_dns_a_record_on_launch": false,
            "enable_resource_name_dns_aaaa_record_on_launch": false,
            "id": "subnet-06a72acaaf0acf654",
            "ipv6_cidr_block": "",
            "ipv6_cidr_block_association_id": "",
            "ipv6_native": false,
            "map_customer_owned_ip_on_launch": false,
            "map_public_ip_on_launch": false,
            "outpost_arn": "",
            "owner_id": "544994275596",
            "private_dns_hostname_type_on_launch": "ip-name",
            "tags": {
              "Name": "hardwarestore-app-2"
            },
            "tags_all": {
              "Environment": "production",
              "ManagedBy": "Terraform",
              "Name": "hardwarestore-app-2",
              "Project": "hardwarestore"
            },
            "timeouts": null,
            "vpc_id": "vpc-0c7f0747caff49e38"
          },
          "sensitive_attributes": [],
          "identity_schema_version": 0,
          "private": "eyJlMmJmYjczMC1lY2FhLTExZTYtOGY4OC0zNDM2M2JjN2M0YzAiOnsiY3JlYXRlIjo2MDAwMDAwMDAwMDAsImRlbGV0ZSI6MTIwMDAwMDAwMDAwMH0sInNjaGVtYV92ZXJzaW9uIjoiMSJ9",
          "dependencies": [
            "module.vpc.aws_vpc.main"
          ],
          "create_before_destroy": true
        }
      ]
    },
    {
      "module": "module.vpc",
      "mode": "managed",
      "type": "aws_subnet",
      "name": "db",
      "provider": "provider[\"registry.terraform.io/hashicorp/aws\"]",
      "instances": [
        {
          "index_key": 0,
          "schema_version": 1,
          "attributes": {
            "arn": "arn:aws:ec2:us-east-1:544994275596:subnet/subnet-0568c832624de7640",
            "assign_ipv6_address_on_creation": false,
            "availability_zone": "us-east-1a",
            "availability_zone_id": "use1-az1",
            "cidr_block": "10.0.5.0/24",
            "customer_owned_ipv4_pool": "",
            "enable_dns64": false,
            "enable_lni_at_device_index": 0,
            "enable_resource_name_dns_a_record_on_launch": false,
            "enable_resource_name_dns_aaaa_record_on_launch": false,
            "id": "subnet-0568c832624de7640",
            "ipv6_cidr_block": "",
            "ipv6_cidr_block_association_id": "",
            "ipv6_native": false,
            "map_customer_owned_ip_on_launch": false,
            "map_public_ip_on_launch": false,
            "outpost_arn": "",
            "owner_id": "544994275596",
            "private_dns_hostname_type_on_launch": "ip-name",
            "tags": {
              "Name": "hardwarestore-db-1"
            },
            "tags_all": {
              "Environment": "production",
              "ManagedBy": "Terraform",
              "Name": "hardwarestore-db-1",
              "Project": "hardwarestore"
            },
            "timeouts": null,
            "vpc_id": "vpc-0c7f0747caff49e38"
          },
          "sensitive_attributes": [],
          "identity_schema_version": 0,
          "private": "eyJlMmJmYjczMC1lY2FhLTExZTYtOGY4OC0zNDM2M2JjN2M0YzAiOnsiY3JlYXRlIjo2MDAwMDAwMDAwMDAsImRlbGV0ZSI6MTIwMDAwMDAwMDAwMH0sInNjaGVtYV92ZXJzaW9uIjoiMSJ9",
          "dependencies": [
            "module.vpc.aws_vpc.main"
          ],
          "create_before_destroy": true
        },
        {
          "index_key": 1,
          "schema_version": 1,
          "attributes": {
            "arn": "arn:aws:ec2:us-east-1:544994275596:subnet/subnet-0dc7dd571d56d311f",
            "assign_ipv6_address_on_creation": false,
            "availability_zone": "us-east-1b",
            "availability_zone_id": "use1-az2",
            "cidr_block": "10.0.6.0/24",
            "customer_owned_ipv4_pool": "",
            "enable_dns64": false,
            "enable_lni_at_device_index": 0,
            "enable_resource_name_dns_a_record_on_launch": false,
            "enable_resource_name_dns_aaaa_record_on_launch": false,
            "id": "subnet-0dc7dd571d56d311f",
            "ipv6_cidr_block": "",
            "ipv6_cidr_block_association_id": "",
            "ipv6_native": false,
            "map_customer_owned_ip_on_launch": false,
            "map_public_ip_on_launch": false,
            "outpost_arn": "",
            "owner_id": "544994275596",
            "private_dns_hostname_type_on_launch": "ip-name",
            "tags": {
              "Name": "hardwarestore-db-2"
            },
            "tags_all": {
              "Environment": "production",
              "ManagedBy": "Terraform",
              "Name": "hardwarestore-db-2",
              "Project": "hardwarestore"
            },
            "timeouts": null,
            "vpc_id": "vpc-0c7f0747caff49e38"
          },
          "sensitive_attributes": [],
          "identity_schema_version": 0,
          "private": "eyJlMmJmYjczMC1lY2FhLTExZTYtOGY4OC0zNDM2M2JjN2M0YzAiOnsiY3JlYXRlIjo2MDAwMDAwMDAwMDAsImRlbGV0ZSI6MTIwMDAwMDAwMDAwMH0sInNjaGVtYV92ZXJzaW9uIjoiMSJ9",
          "dependencies": [
            "module.vpc.aws_vpc.main"
          ],
          "create_before_destroy": true
        }
      ]
    },
    {
      "module": "module.vpc",
      "mode": "managed",
      "type": "aws_subnet",
      "name": "public",
      "provider": "provider[\"registry.terraform.io/hashicorp/aws\"]",
      "instances": [
        {
          "index_key": 0,
          "schema_version": 1,
          "attributes": {
            "arn": "arn:aws:ec2:us-east-1:544994275596:subnet/subnet-06ba766ed5c3d845e",
            "assign_ipv6_address_on_creation": false,
            "availability_zone": "us-east-1a",
            "availability_zone_id": "use1-az1",
            "cidr_block": "10.0.1.0/24",
            "customer_owned_ipv4_pool": "",
            "enable_dns64": false,
            "enable_lni_at_device_index": 0,
            "enable_resource_name_dns_a_record_on_launch": false,
            "enable_resource_name_dns_aaaa_record_on_launch": false,
            "id": "subnet-06ba766ed5c3d845e",
            "ipv6_cidr_block": "",
            "ipv6_cidr_block_association_id": "",
            "ipv6_native": false,
            "map_customer_owned_ip_on_launch": false,
            "map_public_ip_on_launch": false,
            "outpost_arn": "",
            "owner_id": "544994275596",
            "private_dns_hostname_type_on_launch": "ip-name",
            "tags": {
              "Name": "hardwarestore-public-1"
            },
            "tags_all": {
              "Environment": "production",
              "ManagedBy": "Terraform",
              "Name": "hardwarestore-public-1",
              "Project": "hardwarestore"
            },
            "timeouts": null,
            "vpc_id": "vpc-0c7f0747caff49e38"
          },
          "sensitive_attributes": [],
          "identity_schema_version": 0,
          "private": "eyJlMmJmYjczMC1lY2FhLTExZTYtOGY4OC0zNDM2M2JjN2M0YzAiOnsiY3JlYXRlIjo2MDAwMDAwMDAwMDAsImRlbGV0ZSI6MTIwMDAwMDAwMDAwMH0sInNjaGVtYV92ZXJzaW9uIjoiMSJ9",
          "dependencies": [
            "module.vpc.aws_vpc.main"
          ]
        },
        {
          "index_key": 1,
          "schema_version": 1,
          "attributes": {
            "arn": "arn:aws:ec2:us-east-1:544994275596:subnet/subnet-0ba5b88356dab2c0c",
            "assign_ipv6_address_on_creation": false,
            "availability_zone": "us-east-1b",
            "availability_zone_id": "use1-az2",
            "cidr_block": "10.0.2.0/24",
            "customer_owned_ipv4_pool": "",
            "enable_dns64": false,
            "enable_lni_at_device_index": 0,
            "enable_resource_name_dns_a_record_on_launch": false,
            "enable_resource_name_dns_aaaa_record_on_launch": false,
            "id": "subnet-0ba5b88356dab2c0c",
            "ipv6_cidr_block": "",
            "ipv6_cidr_block_association_id": "",
            "ipv6_native": false,
            "map_customer_owned_ip_on_launch": false,
            "map_public_ip_on_launch": false,
            "outpost_arn": "",
            "owner_id": "544994275596",
            "private_dns_hostname_type_on_launch": "ip-name",
            "tags": {
              "Name": "hardwarestore-public-2"
            },
            "tags_all": {
              "Environment": "production",
              "ManagedBy": "Terraform",
              "Name": "hardwarestore-public-2",
              "Project": "hardwarestore"
            },
            "timeouts": null,
            "vpc_id": "vpc-0c7f0747caff49e38"
          },
          "sensitive_attributes": [],
          "identity_schema_version": 0,
          "private": "eyJlMmJmYjczMC1lY2FhLTExZTYtOGY4OC0zNDM2M2JjN2M0YzAiOnsiY3JlYXRlIjo2MDAwMDAwMDAwMDAsImRlbGV0ZSI6MTIwMDAwMDAwMDAwMH0sInNjaGVtYV92ZXJzaW9uIjoiMSJ9",
          "dependencies": [
            "module.vpc.aws_vpc.main"
          ]
        }
      ]
    },
    {
      "module": "module.vpc",
      "mode": "managed",
      "type": "aws_vpc",
      "name": "main",
      "provider": "provider[\"registry.terraform.io/hashicorp/aws\"]",
      "instances": [
        {
          "schema_version": 1,
          "attributes": {
            "arn": "arn:aws:ec2:us-east-1:544994275596:vpc/vpc-0c7f0747caff49e38",
            "assign_generated_ipv6_cidr_block": false,
            "cidr_block": "10.0.0.0/16",
            "default_network_acl_id": "acl-0d9523bf3b2de73f0",
            "default_route_table_id": "rtb-0d5dfab04423e0be4",
            "default_security_group_id": "sg-00306e21b6d228eb4",
            "dhcp_options_id": "dopt-0f4fa769066970951",
            "enable_dns_hostnames": true,
            "enable_dns_support": true,
            "enable_network_address_usage_metrics": false,
            "id": "vpc-0c7f0747caff49e38",
            "instance_tenancy": "default",
            "ipv4_ipam_pool_id": null,
            "ipv4_netmask_length": null,
            "ipv6_association_id": "",
            "ipv6_cidr_block": "",
            "ipv6_cidr_block_network_border_group": "",
            "ipv6_ipam_pool_id": "",
            "ipv6_netmask_length": 0,
            "main_route_table_id": "rtb-0d5dfab04423e0be4",
            "owner_id": "544994275596",
            "tags": {
              "Name": "hardwarestore-vpc"
            },
            "tags_all": {
              "Environment": "production",
              "ManagedBy": "Terraform",
              "Name": "hardwarestore-vpc",
              "Project": "hardwarestore"
            }
          },
          "sensitive_attributes": [],
          "identity_schema_version": 0,
          "private": "eyJzY2hlbWFfdmVyc2lvbiI6IjEifQ==",
          "create_before_destroy": true
        }
      ]
    }
  ],
  "check_results": null
}
